
Microsoft Visual Studio Solution File, Format Version 12.00
# Visual Studio 14
VisualStudioVersion = 14.0.25420.1
MinimumVisualStudioVersion = 10.0.40219.1
Project("{2150E333-8FDC-42A3-9474-1A3956D46DE8}") = "Binding", "Binding", "{28E70117-8B67-4CD5-9525-37C5B636A634}"
EndProject
Project("{FAE04EC0-301F-11D3-BF4B-00C04F79EFBC}") = "AppDemo1.Android", "AppDemo1\AppDemo1.Android\AppDemo1.Android.csproj", "{B44801D8-5451-474C-8625-42F094A409D3}"
EndProject
Project("{FAE04EC0-301F-11D3-BF4B-00C04F79EFBC}") = "AppDemo1", "AppDemo1\AppDemo1\AppDemo1.csproj", "{8720EB6A-07D2-4BC3-84A6-DBE1E708B6F5}"
EndProject
Project("{FAE04EC0-301F-11D3-BF4B-00C04F79EFBC}") = "AppDemo1.UWP", "AppDemo1\AppDemo1.UWP\AppDemo1.UWP.csproj", "{7329F53D-E37E-4F20-B2C8-73C4B409AF15}"
EndProject
Project("{2150E333-8FDC-42A3-9474-1A3956D46DE8}") = "Listview", "Listview", "{44BE7FD0-18B2-4653-82D7-A35C1B6C2E7B}"
EndProject
Project("{FAE04EC0-301F-11D3-BF4B-00C04F79EFBC}") = "AppDemo2.Android", "AppDemo2\AppDemo2.Android\AppDemo2.Android.csproj", "{55415C33-8EF1-404E-B034-68844C34870D}"
EndProject
Project("{FAE04EC0-301F-11D3-BF4B-00C04F79EFBC}") = "AppDemo2", "AppDemo2\AppDemo2\AppDemo2.csproj", "{7748C5C6-A656-4DDC-8308-9B5A4B816058}"
EndProject
Project("{FAE04EC0-301F-11D3-BF4B-00C04F79EFBC}") = "AppDemo2.UWP", "AppDemo2\AppDemo2.UWP\AppDemo2.UWP.csproj", "{8E0E672A-87A2-4800-8C86-64C73EC867E3}"
EndProject
Project("{2150E333-8FDC-42A3-9474-1A3956D46DE8}") = "UIThread", "UIThread", "{7DBA8672-9245-48A7-98A4-EE934C347762}"
EndProject
Project("{FAE04EC0-301F-11D3-BF4B-00C04F79EFBC}") = "AppDemo3.Android", "AppDemo3\AppDemo3.Android\AppDemo3.Android.csproj", "{3315E406-CD28-4E9C-A967-56375CDAA8D8}"
EndProject
Project("{FAE04EC0-301F-11D3-BF4B-00C04F79EFBC}") = "AppDemo3", "AppDemo3\AppDemo3\AppDemo3.csproj", "{402074FF-0376-469C-B1BB-DEA1B84EF21A}"
EndProject
Project("{FAE04EC0-301F-11D3-BF4B-00C04F79EFBC}") = "AppDemo3.UWP", "AppDemo3\AppDemo3.UWP\AppDemo3.UWP.csproj", "{DB40B48F-A636-4272-AF42-7EF9C0F58AC1}"
EndProject
Project("{2150E333-8FDC-42A3-9474-1A3956D46DE8}") = "Layout", "Layout", "{27EA04AB-9F12-456D-AC98-B7A95C5E0B31}"
EndProject
Project("{FAE04EC0-301F-11D3-BF4B-00C04F79EFBC}") = "AppDemo4.Android", "AppDemo4\AppDemo4.Android\AppDemo4.Android.csproj", "{DCC083A7-A004-478C-A296-BEF6952148A0}"
EndProject
Project("{FAE04EC0-301F-11D3-BF4B-00C04F79EFBC}") = "AppDemo4", "AppDemo4\AppDemo4\AppDemo4.csproj", "{992601EB-4072-4543-8E71-0318F4708618}"
EndProject
Project("{FAE04EC0-301F-11D3-BF4B-00C04F79EFBC}") = "AppDemo4.UWP", "AppDemo4\AppDemo4.UWP\AppDemo4.UWP.csproj", "{94879279-7C69-4FD8-9E80-16C4DB1226B5}"
EndProject
Project("{FAE04EC0-301F-11D3-BF4B-00C04F79EFBC}") = "AppDemo4.iOS", "AppDemo4\AppDemo4.iOS\AppDemo4.iOS.csproj", "{A6E1D953-272A-45AF-AC90-0D6F496B0277}"
EndProject
Global
	GlobalSection(SolutionConfigurationPlatforms) = preSolution
		Ad-Hoc|Any CPU = Ad-Hoc|Any CPU
		Ad-Hoc|ARM = Ad-Hoc|ARM
		Ad-Hoc|iPhone = Ad-Hoc|iPhone
		Ad-Hoc|iPhoneSimulator = Ad-Hoc|iPhoneSimulator
		Ad-Hoc|x64 = Ad-Hoc|x64
		Ad-Hoc|x86 = Ad-Hoc|x86
		AppStore|Any CPU = AppStore|Any CPU
		AppStore|ARM = AppStore|ARM
		AppStore|iPhone = AppStore|iPhone
		AppStore|iPhoneSimulator = AppStore|iPhoneSimulator
		AppStore|x64 = AppStore|x64
		AppStore|x86 = AppStore|x86
		Debug|Any CPU = Debug|Any CPU
		Debug|ARM = Debug|ARM
		Debug|iPhone = Debug|iPhone
		Debug|iPhoneSimulator = Debug|iPhoneSimulator
		Debug|x64 = Debug|x64
		Debug|x86 = Debug|x86
		Release|Any CPU = Release|Any CPU
		Release|ARM = Release|ARM
		Release|iPhone = Release|iPhone
		Release|iPhoneSimulator = Release|iPhoneSimulator
		Release|x64 = Release|x64
		Release|x86 = Release|x86
	EndGlobalSection
	GlobalSection(ProjectConfigurationPlatforms) = postSolution
		{B44801D8-5451-474C-8625-42F094A409D3}.Ad-Hoc|Any CPU.ActiveCfg = Release|Any CPU
		{B44801D8-5451-474C-8625-42F094A409D3}.Ad-Hoc|Any CPU.Build.0 = Release|Any CPU
		{B44801D8-5451-474C-8625-42F094A409D3}.Ad-Hoc|Any CPU.Deploy.0 = Release|Any CPU
		{B44801D8-5451-474C-8625-42F094A409D3}.Ad-Hoc|ARM.ActiveCfg = Release|Any CPU
		{B44801D8-5451-474C-8625-42F094A409D3}.Ad-Hoc|ARM.Build.0 = Release|Any CPU
		{B44801D8-5451-474C-8625-42F094A409D3}.Ad-Hoc|ARM.Deploy.0 = Release|Any CPU
		{B44801D8-5451-474C-8625-42F094A409D3}.Ad-Hoc|iPhone.ActiveCfg = Release|Any CPU
		{B44801D8-5451-474C-8625-42F094A409D3}.Ad-Hoc|iPhone.Build.0 = Release|Any CPU
		{B44801D8-5451-474C-8625-42F094A409D3}.Ad-Hoc|iPhone.Deploy.0 = Release|Any CPU
		{B44801D8-5451-474C-8625-42F094A409D3}.Ad-Hoc|iPhoneSimulator.ActiveCfg = Release|Any CPU
		{B44801D8-5451-474C-8625-42F094A409D3}.Ad-Hoc|iPhoneSimulator.Build.0 = Release|Any CPU
		{B44801D8-5451-474C-8625-42F094A409D3}.Ad-Hoc|iPhoneSimulator.Deploy.0 = Release|Any CPU
		{B44801D8-5451-474C-8625-42F094A409D3}.Ad-Hoc|x64.ActiveCfg = Release|Any CPU
		{B44801D8-5451-474C-8625-42F094A409D3}.Ad-Hoc|x64.Build.0 = Release|Any CPU
		{B44801D8-5451-474C-8625-42F094A409D3}.Ad-Hoc|x64.Deploy.0 = Release|Any CPU
		{B44801D8-5451-474C-8625-42F094A409D3}.Ad-Hoc|x86.ActiveCfg = Release|Any CPU
		{B44801D8-5451-474C-8625-42F094A409D3}.Ad-Hoc|x86.Build.0 = Release|Any CPU
		{B44801D8-5451-474C-8625-42F094A409D3}.Ad-Hoc|x86.Deploy.0 = Release|Any CPU
		{B44801D8-5451-474C-8625-42F094A409D3}.AppStore|Any CPU.ActiveCfg = Release|Any CPU
		{B44801D8-5451-474C-8625-42F094A409D3}.AppStore|Any CPU.Build.0 = Release|Any CPU
		{B44801D8-5451-474C-8625-42F094A409D3}.AppStore|Any CPU.Deploy.0 = Release|Any CPU
		{B44801D8-5451-474C-8625-42F094A409D3}.AppStore|ARM.ActiveCfg = Release|Any CPU
		{B44801D8-5451-474C-8625-42F094A409D3}.AppStore|ARM.Build.0 = Release|Any CPU
		{B44801D8-5451-474C-8625-42F094A409D3}.AppStore|ARM.Deploy.0 = Release|Any CPU
		{B44801D8-5451-474C-8625-42F094A409D3}.AppStore|iPhone.ActiveCfg = Release|Any CPU
		{B44801D8-5451-474C-8625-42F094A409D3}.AppStore|iPhone.Build.0 = Release|Any CPU
		{B44801D8-5451-474C-8625-42F094A409D3}.AppStore|iPhone.Deploy.0 = Release|Any CPU
		{B44801D8-5451-474C-8625-42F094A409D3}.AppStore|iPhoneSimulator.ActiveCfg = Release|Any CPU
		{B44801D8-5451-474C-8625-42F094A409D3}.AppStore|iPhoneSimulator.Build.0 = Release|Any CPU
		{B44801D8-5451-474C-8625-42F094A409D3}.AppStore|iPhoneSimulator.Deploy.0 = Release|Any CPU
		{B44801D8-5451-474C-8625-42F094A409D3}.AppStore|x64.ActiveCfg = Release|Any CPU
		{B44801D8-5451-474C-8625-42F094A409D3}.AppStore|x64.Build.0 = Release|Any CPU
		{B44801D8-5451-474C-8625-42F094A409D3}.AppStore|x64.Deploy.0 = Release|Any CPU
		{B44801D8-5451-474C-8625-42F094A409D3}.AppStore|x86.ActiveCfg = Release|Any CPU
		{B44801D8-5451-474C-8625-42F094A409D3}.AppStore|x86.Build.0 = Release|Any CPU
		{B44801D8-5451-474C-8625-42F094A409D3}.AppStore|x86.Deploy.0 = Release|Any CPU
		{B44801D8-5451-474C-8625-42F094A409D3}.Debug|Any CPU.ActiveCfg = Debug|Any CPU
		{B44801D8-5451-474C-8625-42F094A409D3}.Debug|Any CPU.Build.0 = Debug|Any CPU
		{B44801D8-5451-474C-8625-42F094A409D3}.Debug|Any CPU.Deploy.0 = Debug|Any CPU
		{B44801D8-5451-474C-8625-42F094A409D3}.Debug|ARM.ActiveCfg = Debug|Any CPU
		{B44801D8-5451-474C-8625-42F094A409D3}.Debug|ARM.Build.0 = Debug|Any CPU
		{B44801D8-5451-474C-8625-42F094A409D3}.Debug|ARM.Deploy.0 = Debug|Any CPU
		{B44801D8-5451-474C-8625-42F094A409D3}.Debug|iPhone.ActiveCfg = Debug|Any CPU
		{B44801D8-5451-474C-8625-42F094A409D3}.Debug|iPhone.Build.0 = Debug|Any CPU
		{B44801D8-5451-474C-8625-42F094A409D3}.Debug|iPhone.Deploy.0 = Debug|Any CPU
		{B44801D8-5451-474C-8625-42F094A409D3}.Debug|iPhoneSimulator.ActiveCfg = Debug|Any CPU
		{B44801D8-5451-474C-8625-42F094A409D3}.Debug|iPhoneSimulator.Build.0 = Debug|Any CPU
		{B44801D8-5451-474C-8625-42F094A409D3}.Debug|iPhoneSimulator.Deploy.0 = Debug|Any CPU
		{B44801D8-5451-474C-8625-42F094A409D3}.Debug|x64.ActiveCfg = Debug|Any CPU
		{B44801D8-5451-474C-8625-42F094A409D3}.Debug|x64.Build.0 = Debug|Any CPU
		{B44801D8-5451-474C-8625-42F094A409D3}.Debug|x64.Deploy.0 = Debug|Any CPU
		{B44801D8-5451-474C-8625-42F094A409D3}.Debug|x86.ActiveCfg = Debug|Any CPU
		{B44801D8-5451-474C-8625-42F094A409D3}.Debug|x86.Build.0 = Debug|Any CPU
		{B44801D8-5451-474C-8625-42F094A409D3}.Debug|x86.Deploy.0 = Debug|Any CPU
		{B44801D8-5451-474C-8625-42F094A409D3}.Release|Any CPU.ActiveCfg = Release|Any CPU
		{B44801D8-5451-474C-8625-42F094A409D3}.Release|Any CPU.Build.0 = Release|Any CPU
		{B44801D8-5451-474C-8625-42F094A409D3}.Release|Any CPU.Deploy.0 = Release|Any CPU
		{B44801D8-5451-474C-8625-42F094A409D3}.Release|ARM.ActiveCfg = Release|Any CPU
		{B44801D8-5451-474C-8625-42F094A409D3}.Release|ARM.Build.0 = Release|Any CPU
		{B44801D8-5451-474C-8625-42F094A409D3}.Release|ARM.Deploy.0 = Release|Any CPU
		{B44801D8-5451-474C-8625-42F094A409D3}.Release|iPhone.ActiveCfg = Release|Any CPU
		{B44801D8-5451-474C-8625-42F094A409D3}.Release|iPhone.Build.0 = Release|Any CPU
		{B44801D8-5451-474C-8625-42F094A409D3}.Release|iPhone.Deploy.0 = Release|Any CPU
		{B44801D8-5451-474C-8625-42F094A409D3}.Release|iPhoneSimulator.ActiveCfg = Release|Any CPU
		{B44801D8-5451-474C-8625-42F094A409D3}.Release|iPhoneSimulator.Build.0 = Release|Any CPU
		{B44801D8-5451-474C-8625-42F094A409D3}.Release|iPhoneSimulator.Deploy.0 = Release|Any CPU
		{B44801D8-5451-474C-8625-42F094A409D3}.Release|x64.ActiveCfg = Release|Any CPU
		{B44801D8-5451-474C-8625-42F094A409D3}.Release|x64.Build.0 = Release|Any CPU
		{B44801D8-5451-474C-8625-42F094A409D3}.Release|x64.Deploy.0 = Release|Any CPU
		{B44801D8-5451-474C-8625-42F094A409D3}.Release|x86.ActiveCfg = Release|Any CPU
		{B44801D8-5451-474C-8625-42F094A409D3}.Release|x86.Build.0 = Release|Any CPU
		{B44801D8-5451-474C-8625-42F094A409D3}.Release|x86.Deploy.0 = Release|Any CPU
		{8720EB6A-07D2-4BC3-84A6-DBE1E708B6F5}.Ad-Hoc|Any CPU.ActiveCfg = Release|Any CPU
		{8720EB6A-07D2-4BC3-84A6-DBE1E708B6F5}.Ad-Hoc|Any CPU.Build.0 = Release|Any CPU
		{8720EB6A-07D2-4BC3-84A6-DBE1E708B6F5}.Ad-Hoc|ARM.ActiveCfg = Release|Any CPU
		{8720EB6A-07D2-4BC3-84A6-DBE1E708B6F5}.Ad-Hoc|ARM.Build.0 = Release|Any CPU
		{8720EB6A-07D2-4BC3-84A6-DBE1E708B6F5}.Ad-Hoc|iPhone.ActiveCfg = Release|Any CPU
		{8720EB6A-07D2-4BC3-84A6-DBE1E708B6F5}.Ad-Hoc|iPhone.Build.0 = Release|Any CPU
		{8720EB6A-07D2-4BC3-84A6-DBE1E708B6F5}.Ad-Hoc|iPhoneSimulator.ActiveCfg = Release|Any CPU
		{8720EB6A-07D2-4BC3-84A6-DBE1E708B6F5}.Ad-Hoc|iPhoneSimulator.Build.0 = Release|Any CPU
		{8720EB6A-07D2-4BC3-84A6-DBE1E708B6F5}.Ad-Hoc|x64.ActiveCfg = Release|Any CPU
		{8720EB6A-07D2-4BC3-84A6-DBE1E708B6F5}.Ad-Hoc|x64.Build.0 = Release|Any CPU
		{8720EB6A-07D2-4BC3-84A6-DBE1E708B6F5}.Ad-Hoc|x86.ActiveCfg = Release|Any CPU
		{8720EB6A-07D2-4BC3-84A6-DBE1E708B6F5}.Ad-Hoc|x86.Build.0 = Release|Any CPU
		{8720EB6A-07D2-4BC3-84A6-DBE1E708B6F5}.AppStore|Any CPU.ActiveCfg = Release|Any CPU
		{8720EB6A-07D2-4BC3-84A6-DBE1E708B6F5}.AppStore|Any CPU.Build.0 = Release|Any CPU
		{8720EB6A-07D2-4BC3-84A6-DBE1E708B6F5}.AppStore|ARM.ActiveCfg = Release|Any CPU
		{8720EB6A-07D2-4BC3-84A6-DBE1E708B6F5}.AppStore|ARM.Build.0 = Release|Any CPU
		{8720EB6A-07D2-4BC3-84A6-DBE1E708B6F5}.AppStore|iPhone.ActiveCfg = Release|Any CPU
		{8720EB6A-07D2-4BC3-84A6-DBE1E708B6F5}.AppStore|iPhone.Build.0 = Release|Any CPU
		{8720EB6A-07D2-4BC3-84A6-DBE1E708B6F5}.AppStore|iPhoneSimulator.ActiveCfg = Release|Any CPU
		{8720EB6A-07D2-4BC3-84A6-DBE1E708B6F5}.AppStore|iPhoneSimulator.Build.0 = Release|Any CPU
		{8720EB6A-07D2-4BC3-84A6-DBE1E708B6F5}.AppStore|x64.ActiveCfg = Release|Any CPU
		{8720EB6A-07D2-4BC3-84A6-DBE1E708B6F5}.AppStore|x64.Build.0 = Release|Any CPU
		{8720EB6A-07D2-4BC3-84A6-DBE1E708B6F5}.AppStore|x86.ActiveCfg = Release|Any CPU
		{8720EB6A-07D2-4BC3-84A6-DBE1E708B6F5}.AppStore|x86.Build.0 = Release|Any CPU
		{8720EB6A-07D2-4BC3-84A6-DBE1E708B6F5}.Debug|Any CPU.ActiveCfg = Debug|Any CPU
		{8720EB6A-07D2-4BC3-84A6-DBE1E708B6F5}.Debug|Any CPU.Build.0 = Debug|Any CPU
		{8720EB6A-07D2-4BC3-84A6-DBE1E708B6F5}.Debug|ARM.ActiveCfg = Debug|Any CPU
		{8720EB6A-07D2-4BC3-84A6-DBE1E708B6F5}.Debug|ARM.Build.0 = Debug|Any CPU
		{8720EB6A-07D2-4BC3-84A6-DBE1E708B6F5}.Debug|iPhone.ActiveCfg = Debug|Any CPU
		{8720EB6A-07D2-4BC3-84A6-DBE1E708B6F5}.Debug|iPhone.Build.0 = Debug|Any CPU
		{8720EB6A-07D2-4BC3-84A6-DBE1E708B6F5}.Debug|iPhoneSimulator.ActiveCfg = Debug|Any CPU
		{8720EB6A-07D2-4BC3-84A6-DBE1E708B6F5}.Debug|iPhoneSimulator.Build.0 = Debug|Any CPU
		{8720EB6A-07D2-4BC3-84A6-DBE1E708B6F5}.Debug|x64.ActiveCfg = Debug|Any CPU
		{8720EB6A-07D2-4BC3-84A6-DBE1E708B6F5}.Debug|x64.Build.0 = Debug|Any CPU
		{8720EB6A-07D2-4BC3-84A6-DBE1E708B6F5}.Debug|x86.ActiveCfg = Debug|Any CPU
		{8720EB6A-07D2-4BC3-84A6-DBE1E708B6F5}.Debug|x86.Build.0 = Debug|Any CPU
		{8720EB6A-07D2-4BC3-84A6-DBE1E708B6F5}.Release|Any CPU.ActiveCfg = Release|Any CPU
		{8720EB6A-07D2-4BC3-84A6-DBE1E708B6F5}.Release|Any CPU.Build.0 = Release|Any CPU
		{8720EB6A-07D2-4BC3-84A6-DBE1E708B6F5}.Release|ARM.ActiveCfg = Release|Any CPU
		{8720EB6A-07D2-4BC3-84A6-DBE1E708B6F5}.Release|ARM.Build.0 = Release|Any CPU
		{8720EB6A-07D2-4BC3-84A6-DBE1E708B6F5}.Release|iPhone.ActiveCfg = Release|Any CPU
		{8720EB6A-07D2-4BC3-84A6-DBE1E708B6F5}.Release|iPhone.Build.0 = Release|Any CPU
		{8720EB6A-07D2-4BC3-84A6-DBE1E708B6F5}.Release|iPhoneSimulator.ActiveCfg = Release|Any CPU
		{8720EB6A-07D2-4BC3-84A6-DBE1E708B6F5}.Release|iPhoneSimulator.Build.0 = Release|Any CPU
		{8720EB6A-07D2-4BC3-84A6-DBE1E708B6F5}.Release|x64.ActiveCfg = Release|Any CPU
		{8720EB6A-07D2-4BC3-84A6-DBE1E708B6F5}.Release|x64.Build.0 = Release|Any CPU
		{8720EB6A-07D2-4BC3-84A6-DBE1E708B6F5}.Release|x86.ActiveCfg = Release|Any CPU
		{8720EB6A-07D2-4BC3-84A6-DBE1E708B6F5}.Release|x86.Build.0 = Release|Any CPU
		{7329F53D-E37E-4F20-B2C8-73C4B409AF15}.Ad-Hoc|Any CPU.ActiveCfg = Release|x86
		{7329F53D-E37E-4F20-B2C8-73C4B409AF15}.Ad-Hoc|Any CPU.Build.0 = Release|x86
		{7329F53D-E37E-4F20-B2C8-73C4B409AF15}.Ad-Hoc|Any CPU.Deploy.0 = Release|x86
		{7329F53D-E37E-4F20-B2C8-73C4B409AF15}.Ad-Hoc|ARM.ActiveCfg = Release|ARM
		{7329F53D-E37E-4F20-B2C8-73C4B409AF15}.Ad-Hoc|ARM.Build.0 = Release|ARM
		{7329F53D-E37E-4F20-B2C8-73C4B409AF15}.Ad-Hoc|ARM.Deploy.0 = Release|ARM
		{7329F53D-E37E-4F20-B2C8-73C4B409AF15}.Ad-Hoc|iPhone.ActiveCfg = Release|x86
		{7329F53D-E37E-4F20-B2C8-73C4B409AF15}.Ad-Hoc|iPhone.Build.0 = Release|x86
		{7329F53D-E37E-4F20-B2C8-73C4B409AF15}.Ad-Hoc|iPhone.Deploy.0 = Release|x86
		{7329F53D-E37E-4F20-B2C8-73C4B409AF15}.Ad-Hoc|iPhoneSimulator.ActiveCfg = Release|x86
		{7329F53D-E37E-4F20-B2C8-73C4B409AF15}.Ad-Hoc|iPhoneSimulator.Build.0 = Release|x86
		{7329F53D-E37E-4F20-B2C8-73C4B409AF15}.Ad-Hoc|iPhoneSimulator.Deploy.0 = Release|x86
		{7329F53D-E37E-4F20-B2C8-73C4B409AF15}.Ad-Hoc|x64.ActiveCfg = Release|x64
		{7329F53D-E37E-4F20-B2C8-73C4B409AF15}.Ad-Hoc|x64.Build.0 = Release|x64
		{7329F53D-E37E-4F20-B2C8-73C4B409AF15}.Ad-Hoc|x64.Deploy.0 = Release|x64
		{7329F53D-E37E-4F20-B2C8-73C4B409AF15}.Ad-Hoc|x86.ActiveCfg = Release|x86
		{7329F53D-E37E-4F20-B2C8-73C4B409AF15}.Ad-Hoc|x86.Build.0 = Release|x86
		{7329F53D-E37E-4F20-B2C8-73C4B409AF15}.Ad-Hoc|x86.Deploy.0 = Release|x86
		{7329F53D-E37E-4F20-B2C8-73C4B409AF15}.AppStore|Any CPU.ActiveCfg = Release|x86
		{7329F53D-E37E-4F20-B2C8-73C4B409AF15}.AppStore|Any CPU.Build.0 = Release|x86
		{7329F53D-E37E-4F20-B2C8-73C4B409AF15}.AppStore|Any CPU.Deploy.0 = Release|x86
		{7329F53D-E37E-4F20-B2C8-73C4B409AF15}.AppStore|ARM.ActiveCfg = Release|ARM
		{7329F53D-E37E-4F20-B2C8-73C4B409AF15}.AppStore|ARM.Build.0 = Release|ARM
		{7329F53D-E37E-4F20-B2C8-73C4B409AF15}.AppStore|ARM.Deploy.0 = Release|ARM
		{7329F53D-E37E-4F20-B2C8-73C4B409AF15}.AppStore|iPhone.ActiveCfg = Release|x86
		{7329F53D-E37E-4F20-B2C8-73C4B409AF15}.AppStore|iPhone.Build.0 = Release|x86
		{7329F53D-E37E-4F20-B2C8-73C4B409AF15}.AppStore|iPhone.Deploy.0 = Release|x86
		{7329F53D-E37E-4F20-B2C8-73C4B409AF15}.AppStore|iPhoneSimulator.ActiveCfg = Release|x86
		{7329F53D-E37E-4F20-B2C8-73C4B409AF15}.AppStore|iPhoneSimulator.Build.0 = Release|x86
		{7329F53D-E37E-4F20-B2C8-73C4B409AF15}.AppStore|iPhoneSimulator.Deploy.0 = Release|x86
		{7329F53D-E37E-4F20-B2C8-73C4B409AF15}.AppStore|x64.ActiveCfg = Release|x64
		{7329F53D-E37E-4F20-B2C8-73C4B409AF15}.AppStore|x64.Build.0 = Release|x64
		{7329F53D-E37E-4F20-B2C8-73C4B409AF15}.AppStore|x64.Deploy.0 = Release|x64
		{7329F53D-E37E-4F20-B2C8-73C4B409AF15}.AppStore|x86.ActiveCfg = Release|x86
		{7329F53D-E37E-4F20-B2C8-73C4B409AF15}.AppStore|x86.Build.0 = Release|x86
		{7329F53D-E37E-4F20-B2C8-73C4B409AF15}.AppStore|x86.Deploy.0 = Release|x86
		{7329F53D-E37E-4F20-B2C8-73C4B409AF15}.Debug|Any CPU.ActiveCfg = Debug|x86
		{7329F53D-E37E-4F20-B2C8-73C4B409AF15}.Debug|ARM.ActiveCfg = Debug|ARM
		{7329F53D-E37E-4F20-B2C8-73C4B409AF15}.Debug|ARM.Build.0 = Debug|ARM
		{7329F53D-E37E-4F20-B2C8-73C4B409AF15}.Debug|ARM.Deploy.0 = Debug|ARM
		{7329F53D-E37E-4F20-B2C8-73C4B409AF15}.Debug|iPhone.ActiveCfg = Debug|x86
		{7329F53D-E37E-4F20-B2C8-73C4B409AF15}.Debug|iPhoneSimulator.ActiveCfg = Debug|x86
		{7329F53D-E37E-4F20-B2C8-73C4B409AF15}.Debug|x64.ActiveCfg = Debug|x64
		{7329F53D-E37E-4F20-B2C8-73C4B409AF15}.Debug|x64.Build.0 = Debug|x64
		{7329F53D-E37E-4F20-B2C8-73C4B409AF15}.Debug|x64.Deploy.0 = Debug|x64
		{7329F53D-E37E-4F20-B2C8-73C4B409AF15}.Debug|x86.ActiveCfg = Debug|x86
		{7329F53D-E37E-4F20-B2C8-73C4B409AF15}.Debug|x86.Build.0 = Debug|x86
		{7329F53D-E37E-4F20-B2C8-73C4B409AF15}.Debug|x86.Deploy.0 = Debug|x86
		{7329F53D-E37E-4F20-B2C8-73C4B409AF15}.Release|Any CPU.ActiveCfg = Release|x86
		{7329F53D-E37E-4F20-B2C8-73C4B409AF15}.Release|ARM.ActiveCfg = Release|ARM
		{7329F53D-E37E-4F20-B2C8-73C4B409AF15}.Release|ARM.Build.0 = Release|ARM
		{7329F53D-E37E-4F20-B2C8-73C4B409AF15}.Release|ARM.Deploy.0 = Release|ARM
		{7329F53D-E37E-4F20-B2C8-73C4B409AF15}.Release|iPhone.ActiveCfg = Release|x86
		{7329F53D-E37E-4F20-B2C8-73C4B409AF15}.Release|iPhoneSimulator.ActiveCfg = Release|x86
		{7329F53D-E37E-4F20-B2C8-73C4B409AF15}.Release|x64.ActiveCfg = Release|x64
		{7329F53D-E37E-4F20-B2C8-73C4B409AF15}.Release|x64.Build.0 = Release|x64
		{7329F53D-E37E-4F20-B2C8-73C4B409AF15}.Release|x64.Deploy.0 = Release|x64
		{7329F53D-E37E-4F20-B2C8-73C4B409AF15}.Release|x86.ActiveCfg = Release|x86
		{7329F53D-E37E-4F20-B2C8-73C4B409AF15}.Release|x86.Build.0 = Release|x86
		{7329F53D-E37E-4F20-B2C8-73C4B409AF15}.Release|x86.Deploy.0 = Release|x86
		{55415C33-8EF1-404E-B034-68844C34870D}.Ad-Hoc|Any CPU.ActiveCfg = Release|Any CPU
		{55415C33-8EF1-404E-B034-68844C34870D}.Ad-Hoc|Any CPU.Build.0 = Release|Any CPU
		{55415C33-8EF1-404E-B034-68844C34870D}.Ad-Hoc|Any CPU.Deploy.0 = Release|Any CPU
		{55415C33-8EF1-404E-B034-68844C34870D}.Ad-Hoc|ARM.ActiveCfg = Release|Any CPU
		{55415C33-8EF1-404E-B034-68844C34870D}.Ad-Hoc|ARM.Build.0 = Release|Any CPU
		{55415C33-8EF1-404E-B034-68844C34870D}.Ad-Hoc|ARM.Deploy.0 = Release|Any CPU
		{55415C33-8EF1-404E-B034-68844C34870D}.Ad-Hoc|iPhone.ActiveCfg = Release|Any CPU
		{55415C33-8EF1-404E-B034-68844C34870D}.Ad-Hoc|iPhone.Build.0 = Release|Any CPU
		{55415C33-8EF1-404E-B034-68844C34870D}.Ad-Hoc|iPhone.Deploy.0 = Release|Any CPU
		{55415C33-8EF1-404E-B034-68844C34870D}.Ad-Hoc|iPhoneSimulator.ActiveCfg = Release|Any CPU
		{55415C33-8EF1-404E-B034-68844C34870D}.Ad-Hoc|iPhoneSimulator.Build.0 = Release|Any CPU
		{55415C33-8EF1-404E-B034-68844C34870D}.Ad-Hoc|iPhoneSimulator.Deploy.0 = Release|Any CPU
		{55415C33-8EF1-404E-B034-68844C34870D}.Ad-Hoc|x64.ActiveCfg = Release|Any CPU
		{55415C33-8EF1-404E-B034-68844C34870D}.Ad-Hoc|x64.Build.0 = Release|Any CPU
		{55415C33-8EF1-404E-B034-68844C34870D}.Ad-Hoc|x64.Deploy.0 = Release|Any CPU
		{55415C33-8EF1-404E-B034-68844C34870D}.Ad-Hoc|x86.ActiveCfg = Release|Any CPU
		{55415C33-8EF1-404E-B034-68844C34870D}.Ad-Hoc|x86.Build.0 = Release|Any CPU
		{55415C33-8EF1-404E-B034-68844C34870D}.Ad-Hoc|x86.Deploy.0 = Release|Any CPU
		{55415C33-8EF1-404E-B034-68844C34870D}.AppStore|Any CPU.ActiveCfg = Release|Any CPU
		{55415C33-8EF1-404E-B034-68844C34870D}.AppStore|Any CPU.Build.0 = Release|Any CPU
		{55415C33-8EF1-404E-B034-68844C34870D}.AppStore|Any CPU.Deploy.0 = Release|Any CPU
		{55415C33-8EF1-404E-B034-68844C34870D}.AppStore|ARM.ActiveCfg = Release|Any CPU
		{55415C33-8EF1-404E-B034-68844C34870D}.AppStore|ARM.Build.0 = Release|Any CPU
		{55415C33-8EF1-404E-B034-68844C34870D}.AppStore|ARM.Deploy.0 = Release|Any CPU
		{55415C33-8EF1-404E-B034-68844C34870D}.AppStore|iPhone.ActiveCfg = Release|Any CPU
		{55415C33-8EF1-404E-B034-68844C34870D}.AppStore|iPhone.Build.0 = Release|Any CPU
		{55415C33-8EF1-404E-B034-68844C34870D}.AppStore|iPhone.Deploy.0 = Release|Any CPU
		{55415C33-8EF1-404E-B034-68844C34870D}.AppStore|iPhoneSimulator.ActiveCfg = Release|Any CPU
		{55415C33-8EF1-404E-B034-68844C34870D}.AppStore|iPhoneSimulator.Build.0 = Release|Any CPU
		{55415C33-8EF1-404E-B034-68844C34870D}.AppStore|iPhoneSimulator.Deploy.0 = Release|Any CPU
		{55415C33-8EF1-404E-B034-68844C34870D}.AppStore|x64.ActiveCfg = Release|Any CPU
		{55415C33-8EF1-404E-B034-68844C34870D}.AppStore|x64.Build.0 = Release|Any CPU
		{55415C33-8EF1-404E-B034-68844C34870D}.AppStore|x64.Deploy.0 = Release|Any CPU
		{55415C33-8EF1-404E-B034-68844C34870D}.AppStore|x86.ActiveCfg = Release|Any CPU
		{55415C33-8EF1-404E-B034-68844C34870D}.AppStore|x86.Build.0 = Release|Any CPU
		{55415C33-8EF1-404E-B034-68844C34870D}.AppStore|x86.Deploy.0 = Release|Any CPU
		{55415C33-8EF1-404E-B034-68844C34870D}.Debug|Any CPU.ActiveCfg = Debug|Any CPU
		{55415C33-8EF1-404E-B034-68844C34870D}.Debug|Any CPU.Build.0 = Debug|Any CPU
		{55415C33-8EF1-404E-B034-68844C34870D}.Debug|Any CPU.Deploy.0 = Debug|Any CPU
		{55415C33-8EF1-404E-B034-68844C34870D}.Debug|ARM.ActiveCfg = Debug|Any CPU
		{55415C33-8EF1-404E-B034-68844C34870D}.Debug|ARM.Build.0 = Debug|Any CPU
		{55415C33-8EF1-404E-B034-68844C34870D}.Debug|ARM.Deploy.0 = Debug|Any CPU
		{55415C33-8EF1-404E-B034-68844C34870D}.Debug|iPhone.ActiveCfg = Debug|Any CPU
		{55415C33-8EF1-404E-B034-68844C34870D}.Debug|iPhone.Build.0 = Debug|Any CPU
		{55415C33-8EF1-404E-B034-68844C34870D}.Debug|iPhone.Deploy.0 = Debug|Any CPU
		{55415C33-8EF1-404E-B034-68844C34870D}.Debug|iPhoneSimulator.ActiveCfg = Debug|Any CPU
		{55415C33-8EF1-404E-B034-68844C34870D}.Debug|iPhoneSimulator.Build.0 = Debug|Any CPU
		{55415C33-8EF1-404E-B034-68844C34870D}.Debug|iPhoneSimulator.Deploy.0 = Debug|Any CPU
		{55415C33-8EF1-404E-B034-68844C34870D}.Debug|x64.ActiveCfg = Debug|Any CPU
		{55415C33-8EF1-404E-B034-68844C34870D}.Debug|x64.Build.0 = Debug|Any CPU
		{55415C33-8EF1-404E-B034-68844C34870D}.Debug|x64.Deploy.0 = Debug|Any CPU
		{55415C33-8EF1-404E-B034-68844C34870D}.Debug|x86.ActiveCfg = Debug|Any CPU
		{55415C33-8EF1-404E-B034-68844C34870D}.Debug|x86.Build.0 = Debug|Any CPU
		{55415C33-8EF1-404E-B034-68844C34870D}.Debug|x86.Deploy.0 = Debug|Any CPU
		{55415C33-8EF1-404E-B034-68844C34870D}.Release|Any CPU.ActiveCfg = Release|Any CPU
		{55415C33-8EF1-404E-B034-68844C34870D}.Release|Any CPU.Build.0 = Release|Any CPU
		{55415C33-8EF1-404E-B034-68844C34870D}.Release|Any CPU.Deploy.0 = Release|Any CPU
		{55415C33-8EF1-404E-B034-68844C34870D}.Release|ARM.ActiveCfg = Release|Any CPU
		{55415C33-8EF1-404E-B034-68844C34870D}.Release|ARM.Build.0 = Release|Any CPU
		{55415C33-8EF1-404E-B034-68844C34870D}.Release|ARM.Deploy.0 = Release|Any CPU
		{55415C33-8EF1-404E-B034-68844C34870D}.Release|iPhone.ActiveCfg = Release|Any CPU
		{55415C33-8EF1-404E-B034-68844C34870D}.Release|iPhone.Build.0 = Release|Any CPU
		{55415C33-8EF1-404E-B034-68844C34870D}.Release|iPhone.Deploy.0 = Release|Any CPU
		{55415C33-8EF1-404E-B034-68844C34870D}.Release|iPhoneSimulator.ActiveCfg = Release|Any CPU
		{55415C33-8EF1-404E-B034-68844C34870D}.Release|iPhoneSimulator.Build.0 = Release|Any CPU
		{55415C33-8EF1-404E-B034-68844C34870D}.Release|iPhoneSimulator.Deploy.0 = Release|Any CPU
		{55415C33-8EF1-404E-B034-68844C34870D}.Release|x64.ActiveCfg = Release|Any CPU
		{55415C33-8EF1-404E-B034-68844C34870D}.Release|x64.Build.0 = Release|Any CPU
		{55415C33-8EF1-404E-B034-68844C34870D}.Release|x64.Deploy.0 = Release|Any CPU
		{55415C33-8EF1-404E-B034-68844C34870D}.Release|x86.ActiveCfg = Release|Any CPU
		{55415C33-8EF1-404E-B034-68844C34870D}.Release|x86.Build.0 = Release|Any CPU
		{55415C33-8EF1-404E-B034-68844C34870D}.Release|x86.Deploy.0 = Release|Any CPU
		{7748C5C6-A656-4DDC-8308-9B5A4B816058}.Ad-Hoc|Any CPU.ActiveCfg = Release|Any CPU
		{7748C5C6-A656-4DDC-8308-9B5A4B816058}.Ad-Hoc|Any CPU.Build.0 = Release|Any CPU
		{7748C5C6-A656-4DDC-8308-9B5A4B816058}.Ad-Hoc|ARM.ActiveCfg = Release|Any CPU
		{7748C5C6-A656-4DDC-8308-9B5A4B816058}.Ad-Hoc|ARM.Build.0 = Release|Any CPU
		{7748C5C6-A656-4DDC-8308-9B5A4B816058}.Ad-Hoc|iPhone.ActiveCfg = Release|Any CPU
		{7748C5C6-A656-4DDC-8308-9B5A4B816058}.Ad-Hoc|iPhone.Build.0 = Release|Any CPU
		{7748C5C6-A656-4DDC-8308-9B5A4B816058}.Ad-Hoc|iPhoneSimulator.ActiveCfg = Release|Any CPU
		{7748C5C6-A656-4DDC-8308-9B5A4B816058}.Ad-Hoc|iPhoneSimulator.Build.0 = Release|Any CPU
		{7748C5C6-A656-4DDC-8308-9B5A4B816058}.Ad-Hoc|x64.ActiveCfg = Release|Any CPU
		{7748C5C6-A656-4DDC-8308-9B5A4B816058}.Ad-Hoc|x64.Build.0 = Release|Any CPU
		{7748C5C6-A656-4DDC-8308-9B5A4B816058}.Ad-Hoc|x86.ActiveCfg = Release|Any CPU
		{7748C5C6-A656-4DDC-8308-9B5A4B816058}.Ad-Hoc|x86.Build.0 = Release|Any CPU
		{7748C5C6-A656-4DDC-8308-9B5A4B816058}.AppStore|Any CPU.ActiveCfg = Release|Any CPU
		{7748C5C6-A656-4DDC-8308-9B5A4B816058}.AppStore|Any CPU.Build.0 = Release|Any CPU
		{7748C5C6-A656-4DDC-8308-9B5A4B816058}.AppStore|ARM.ActiveCfg = Release|Any CPU
		{7748C5C6-A656-4DDC-8308-9B5A4B816058}.AppStore|ARM.Build.0 = Release|Any CPU
		{7748C5C6-A656-4DDC-8308-9B5A4B816058}.AppStore|iPhone.ActiveCfg = Release|Any CPU
		{7748C5C6-A656-4DDC-8308-9B5A4B816058}.AppStore|iPhone.Build.0 = Release|Any CPU
		{7748C5C6-A656-4DDC-8308-9B5A4B816058}.AppStore|iPhoneSimulator.ActiveCfg = Release|Any CPU
		{7748C5C6-A656-4DDC-8308-9B5A4B816058}.AppStore|iPhoneSimulator.Build.0 = Release|Any CPU
		{7748C5C6-A656-4DDC-8308-9B5A4B816058}.AppStore|x64.ActiveCfg = Release|Any CPU
		{7748C5C6-A656-4DDC-8308-9B5A4B816058}.AppStore|x64.Build.0 = Release|Any CPU
		{7748C5C6-A656-4DDC-8308-9B5A4B816058}.AppStore|x86.ActiveCfg = Release|Any CPU
		{7748C5C6-A656-4DDC-8308-9B5A4B816058}.AppStore|x86.Build.0 = Release|Any CPU
		{7748C5C6-A656-4DDC-8308-9B5A4B816058}.Debug|Any CPU.ActiveCfg = Debug|Any CPU
		{7748C5C6-A656-4DDC-8308-9B5A4B816058}.Debug|Any CPU.Build.0 = Debug|Any CPU
		{7748C5C6-A656-4DDC-8308-9B5A4B816058}.Debug|ARM.ActiveCfg = Debug|Any CPU
		{7748C5C6-A656-4DDC-8308-9B5A4B816058}.Debug|ARM.Build.0 = Debug|Any CPU
		{7748C5C6-A656-4DDC-8308-9B5A4B816058}.Debug|iPhone.ActiveCfg = Debug|Any CPU
		{7748C5C6-A656-4DDC-8308-9B5A4B816058}.Debug|iPhone.Build.0 = Debug|Any CPU
		{7748C5C6-A656-4DDC-8308-9B5A4B816058}.Debug|iPhoneSimulator.ActiveCfg = Debug|Any CPU
		{7748C5C6-A656-4DDC-8308-9B5A4B816058}.Debug|iPhoneSimulator.Build.0 = Debug|Any CPU
		{7748C5C6-A656-4DDC-8308-9B5A4B816058}.Debug|x64.ActiveCfg = Debug|Any CPU
		{7748C5C6-A656-4DDC-8308-9B5A4B816058}.Debug|x64.Build.0 = Debug|Any CPU
		{7748C5C6-A656-4DDC-8308-9B5A4B816058}.Debug|x86.ActiveCfg = Debug|Any CPU
		{7748C5C6-A656-4DDC-8308-9B5A4B816058}.Debug|x86.Build.0 = Debug|Any CPU
		{7748C5C6-A656-4DDC-8308-9B5A4B816058}.Release|Any CPU.ActiveCfg = Release|Any CPU
		{7748C5C6-A656-4DDC-8308-9B5A4B816058}.Release|Any CPU.Build.0 = Release|Any CPU
		{7748C5C6-A656-4DDC-8308-9B5A4B816058}.Release|ARM.ActiveCfg = Release|Any CPU
		{7748C5C6-A656-4DDC-8308-9B5A4B816058}.Release|ARM.Build.0 = Release|Any CPU
		{7748C5C6-A656-4DDC-8308-9B5A4B816058}.Release|iPhone.ActiveCfg = Release|Any CPU
		{7748C5C6-A656-4DDC-8308-9B5A4B816058}.Release|iPhone.Build.0 = Release|Any CPU
		{7748C5C6-A656-4DDC-8308-9B5A4B816058}.Release|iPhoneSimulator.ActiveCfg = Release|Any CPU
		{7748C5C6-A656-4DDC-8308-9B5A4B816058}.Release|iPhoneSimulator.Build.0 = Release|Any CPU
		{7748C5C6-A656-4DDC-8308-9B5A4B816058}.Release|x64.ActiveCfg = Release|Any CPU
		{7748C5C6-A656-4DDC-8308-9B5A4B816058}.Release|x64.Build.0 = Release|Any CPU
		{7748C5C6-A656-4DDC-8308-9B5A4B816058}.Release|x86.ActiveCfg = Release|Any CPU
		{7748C5C6-A656-4DDC-8308-9B5A4B816058}.Release|x86.Build.0 = Release|Any CPU
		{8E0E672A-87A2-4800-8C86-64C73EC867E3}.Ad-Hoc|Any CPU.ActiveCfg = Release|x86
		{8E0E672A-87A2-4800-8C86-64C73EC867E3}.Ad-Hoc|Any CPU.Build.0 = Release|x86
		{8E0E672A-87A2-4800-8C86-64C73EC867E3}.Ad-Hoc|Any CPU.Deploy.0 = Release|x86
		{8E0E672A-87A2-4800-8C86-64C73EC867E3}.Ad-Hoc|ARM.ActiveCfg = Release|ARM
		{8E0E672A-87A2-4800-8C86-64C73EC867E3}.Ad-Hoc|ARM.Build.0 = Release|ARM
		{8E0E672A-87A2-4800-8C86-64C73EC867E3}.Ad-Hoc|ARM.Deploy.0 = Release|ARM
		{8E0E672A-87A2-4800-8C86-64C73EC867E3}.Ad-Hoc|iPhone.ActiveCfg = Release|x86
		{8E0E672A-87A2-4800-8C86-64C73EC867E3}.Ad-Hoc|iPhone.Build.0 = Release|x86
		{8E0E672A-87A2-4800-8C86-64C73EC867E3}.Ad-Hoc|iPhone.Deploy.0 = Release|x86
		{8E0E672A-87A2-4800-8C86-64C73EC867E3}.Ad-Hoc|iPhoneSimulator.ActiveCfg = Release|x86
		{8E0E672A-87A2-4800-8C86-64C73EC867E3}.Ad-Hoc|iPhoneSimulator.Build.0 = Release|x86
		{8E0E672A-87A2-4800-8C86-64C73EC867E3}.Ad-Hoc|iPhoneSimulator.Deploy.0 = Release|x86
		{8E0E672A-87A2-4800-8C86-64C73EC867E3}.Ad-Hoc|x64.ActiveCfg = Release|x64
		{8E0E672A-87A2-4800-8C86-64C73EC867E3}.Ad-Hoc|x64.Build.0 = Release|x64
		{8E0E672A-87A2-4800-8C86-64C73EC867E3}.Ad-Hoc|x64.Deploy.0 = Release|x64
		{8E0E672A-87A2-4800-8C86-64C73EC867E3}.Ad-Hoc|x86.ActiveCfg = Release|x86
		{8E0E672A-87A2-4800-8C86-64C73EC867E3}.Ad-Hoc|x86.Build.0 = Release|x86
		{8E0E672A-87A2-4800-8C86-64C73EC867E3}.Ad-Hoc|x86.Deploy.0 = Release|x86
		{8E0E672A-87A2-4800-8C86-64C73EC867E3}.AppStore|Any CPU.ActiveCfg = Release|x86
		{8E0E672A-87A2-4800-8C86-64C73EC867E3}.AppStore|Any CPU.Build.0 = Release|x86
		{8E0E672A-87A2-4800-8C86-64C73EC867E3}.AppStore|Any CPU.Deploy.0 = Release|x86
		{8E0E672A-87A2-4800-8C86-64C73EC867E3}.AppStore|ARM.ActiveCfg = Release|ARM
		{8E0E672A-87A2-4800-8C86-64C73EC867E3}.AppStore|ARM.Build.0 = Release|ARM
		{8E0E672A-87A2-4800-8C86-64C73EC867E3}.AppStore|ARM.Deploy.0 = Release|ARM
		{8E0E672A-87A2-4800-8C86-64C73EC867E3}.AppStore|iPhone.ActiveCfg = Release|x86
		{8E0E672A-87A2-4800-8C86-64C73EC867E3}.AppStore|iPhone.Build.0 = Release|x86
		{8E0E672A-87A2-4800-8C86-64C73EC867E3}.AppStore|iPhone.Deploy.0 = Release|x86
		{8E0E672A-87A2-4800-8C86-64C73EC867E3}.AppStore|iPhoneSimulator.ActiveCfg = Release|x86
		{8E0E672A-87A2-4800-8C86-64C73EC867E3}.AppStore|iPhoneSimulator.Build.0 = Release|x86
		{8E0E672A-87A2-4800-8C86-64C73EC867E3}.AppStore|iPhoneSimulator.Deploy.0 = Release|x86
		{8E0E672A-87A2-4800-8C86-64C73EC867E3}.AppStore|x64.ActiveCfg = Release|x64
		{8E0E672A-87A2-4800-8C86-64C73EC867E3}.AppStore|x64.Build.0 = Release|x64
		{8E0E672A-87A2-4800-8C86-64C73EC867E3}.AppStore|x64.Deploy.0 = Release|x64
		{8E0E672A-87A2-4800-8C86-64C73EC867E3}.AppStore|x86.ActiveCfg = Release|x86
		{8E0E672A-87A2-4800-8C86-64C73EC867E3}.AppStore|x86.Build.0 = Release|x86
		{8E0E672A-87A2-4800-8C86-64C73EC867E3}.AppStore|x86.Deploy.0 = Release|x86
		{8E0E672A-87A2-4800-8C86-64C73EC867E3}.Debug|Any CPU.ActiveCfg = Debug|x86
		{8E0E672A-87A2-4800-8C86-64C73EC867E3}.Debug|ARM.ActiveCfg = Debug|ARM
		{8E0E672A-87A2-4800-8C86-64C73EC867E3}.Debug|ARM.Build.0 = Debug|ARM
		{8E0E672A-87A2-4800-8C86-64C73EC867E3}.Debug|ARM.Deploy.0 = Debug|ARM
		{8E0E672A-87A2-4800-8C86-64C73EC867E3}.Debug|iPhone.ActiveCfg = Debug|x86
		{8E0E672A-87A2-4800-8C86-64C73EC867E3}.Debug|iPhoneSimulator.ActiveCfg = Debug|x86
		{8E0E672A-87A2-4800-8C86-64C73EC867E3}.Debug|x64.ActiveCfg = Debug|x64
		{8E0E672A-87A2-4800-8C86-64C73EC867E3}.Debug|x64.Build.0 = Debug|x64
		{8E0E672A-87A2-4800-8C86-64C73EC867E3}.Debug|x64.Deploy.0 = Debug|x64
		{8E0E672A-87A2-4800-8C86-64C73EC867E3}.Debug|x86.ActiveCfg = Debug|x86
		{8E0E672A-87A2-4800-8C86-64C73EC867E3}.Debug|x86.Build.0 = Debug|x86
		{8E0E672A-87A2-4800-8C86-64C73EC867E3}.Debug|x86.Deploy.0 = Debug|x86
		{8E0E672A-87A2-4800-8C86-64C73EC867E3}.Release|Any CPU.ActiveCfg = Release|x86
		{8E0E672A-87A2-4800-8C86-64C73EC867E3}.Release|ARM.ActiveCfg = Release|ARM
		{8E0E672A-87A2-4800-8C86-64C73EC867E3}.Release|ARM.Build.0 = Release|ARM
		{8E0E672A-87A2-4800-8C86-64C73EC867E3}.Release|ARM.Deploy.0 = Release|ARM
		{8E0E672A-87A2-4800-8C86-64C73EC867E3}.Release|iPhone.ActiveCfg = Release|x86
		{8E0E672A-87A2-4800-8C86-64C73EC867E3}.Release|iPhoneSimulator.ActiveCfg = Release|x86
		{8E0E672A-87A2-4800-8C86-64C73EC867E3}.Release|x64.ActiveCfg = Release|x64
		{8E0E672A-87A2-4800-8C86-64C73EC867E3}.Release|x64.Build.0 = Release|x64
		{8E0E672A-87A2-4800-8C86-64C73EC867E3}.Release|x64.Deploy.0 = Release|x64
		{8E0E672A-87A2-4800-8C86-64C73EC867E3}.Release|x86.ActiveCfg = Release|x86
		{8E0E672A-87A2-4800-8C86-64C73EC867E3}.Release|x86.Build.0 = Release|x86
		{8E0E672A-87A2-4800-8C86-64C73EC867E3}.Release|x86.Deploy.0 = Release|x86
		{3315E406-CD28-4E9C-A967-56375CDAA8D8}.Ad-Hoc|Any CPU.ActiveCfg = Release|Any CPU
		{3315E406-CD28-4E9C-A967-56375CDAA8D8}.Ad-Hoc|Any CPU.Build.0 = Release|Any CPU
		{3315E406-CD28-4E9C-A967-56375CDAA8D8}.Ad-Hoc|Any CPU.Deploy.0 = Release|Any CPU
		{3315E406-CD28-4E9C-A967-56375CDAA8D8}.Ad-Hoc|ARM.ActiveCfg = Release|Any CPU
		{3315E406-CD28-4E9C-A967-56375CDAA8D8}.Ad-Hoc|ARM.Build.0 = Release|Any CPU
		{3315E406-CD28-4E9C-A967-56375CDAA8D8}.Ad-Hoc|ARM.Deploy.0 = Release|Any CPU
		{3315E406-CD28-4E9C-A967-56375CDAA8D8}.Ad-Hoc|iPhone.ActiveCfg = Release|Any CPU
		{3315E406-CD28-4E9C-A967-56375CDAA8D8}.Ad-Hoc|iPhone.Build.0 = Release|Any CPU
		{3315E406-CD28-4E9C-A967-56375CDAA8D8}.Ad-Hoc|iPhone.Deploy.0 = Release|Any CPU
		{3315E406-CD28-4E9C-A967-56375CDAA8D8}.Ad-Hoc|iPhoneSimulator.ActiveCfg = Release|Any CPU
		{3315E406-CD28-4E9C-A967-56375CDAA8D8}.Ad-Hoc|iPhoneSimulator.Build.0 = Release|Any CPU
		{3315E406-CD28-4E9C-A967-56375CDAA8D8}.Ad-Hoc|iPhoneSimulator.Deploy.0 = Release|Any CPU
		{3315E406-CD28-4E9C-A967-56375CDAA8D8}.Ad-Hoc|x64.ActiveCfg = Release|Any CPU
		{3315E406-CD28-4E9C-A967-56375CDAA8D8}.Ad-Hoc|x64.Build.0 = Release|Any CPU
		{3315E406-CD28-4E9C-A967-56375CDAA8D8}.Ad-Hoc|x64.Deploy.0 = Release|Any CPU
		{3315E406-CD28-4E9C-A967-56375CDAA8D8}.Ad-Hoc|x86.ActiveCfg = Release|Any CPU
		{3315E406-CD28-4E9C-A967-56375CDAA8D8}.Ad-Hoc|x86.Build.0 = Release|Any CPU
		{3315E406-CD28-4E9C-A967-56375CDAA8D8}.Ad-Hoc|x86.Deploy.0 = Release|Any CPU
		{3315E406-CD28-4E9C-A967-56375CDAA8D8}.AppStore|Any CPU.ActiveCfg = Release|Any CPU
		{3315E406-CD28-4E9C-A967-56375CDAA8D8}.AppStore|Any CPU.Build.0 = Release|Any CPU
		{3315E406-CD28-4E9C-A967-56375CDAA8D8}.AppStore|Any CPU.Deploy.0 = Release|Any CPU
		{3315E406-CD28-4E9C-A967-56375CDAA8D8}.AppStore|ARM.ActiveCfg = Release|Any CPU
		{3315E406-CD28-4E9C-A967-56375CDAA8D8}.AppStore|ARM.Build.0 = Release|Any CPU
		{3315E406-CD28-4E9C-A967-56375CDAA8D8}.AppStore|ARM.Deploy.0 = Release|Any CPU
		{3315E406-CD28-4E9C-A967-56375CDAA8D8}.AppStore|iPhone.ActiveCfg = Release|Any CPU
		{3315E406-CD28-4E9C-A967-56375CDAA8D8}.AppStore|iPhone.Build.0 = Release|Any CPU
		{3315E406-CD28-4E9C-A967-56375CDAA8D8}.AppStore|iPhone.Deploy.0 = Release|Any CPU
		{3315E406-CD28-4E9C-A967-56375CDAA8D8}.AppStore|iPhoneSimulator.ActiveCfg = Release|Any CPU
		{3315E406-CD28-4E9C-A967-56375CDAA8D8}.AppStore|iPhoneSimulator.Build.0 = Release|Any CPU
		{3315E406-CD28-4E9C-A967-56375CDAA8D8}.AppStore|iPhoneSimulator.Deploy.0 = Release|Any CPU
		{3315E406-CD28-4E9C-A967-56375CDAA8D8}.AppStore|x64.ActiveCfg = Release|Any CPU
		{3315E406-CD28-4E9C-A967-56375CDAA8D8}.AppStore|x64.Build.0 = Release|Any CPU
		{3315E406-CD28-4E9C-A967-56375CDAA8D8}.AppStore|x64.Deploy.0 = Release|Any CPU
		{3315E406-CD28-4E9C-A967-56375CDAA8D8}.AppStore|x86.ActiveCfg = Release|Any CPU
		{3315E406-CD28-4E9C-A967-56375CDAA8D8}.AppStore|x86.Build.0 = Release|Any CPU
		{3315E406-CD28-4E9C-A967-56375CDAA8D8}.AppStore|x86.Deploy.0 = Release|Any CPU
		{3315E406-CD28-4E9C-A967-56375CDAA8D8}.Debug|Any CPU.ActiveCfg = Debug|Any CPU
		{3315E406-CD28-4E9C-A967-56375CDAA8D8}.Debug|Any CPU.Build.0 = Debug|Any CPU
		{3315E406-CD28-4E9C-A967-56375CDAA8D8}.Debug|Any CPU.Deploy.0 = Debug|Any CPU
		{3315E406-CD28-4E9C-A967-56375CDAA8D8}.Debug|ARM.ActiveCfg = Debug|Any CPU
		{3315E406-CD28-4E9C-A967-56375CDAA8D8}.Debug|ARM.Build.0 = Debug|Any CPU
		{3315E406-CD28-4E9C-A967-56375CDAA8D8}.Debug|ARM.Deploy.0 = Debug|Any CPU
		{3315E406-CD28-4E9C-A967-56375CDAA8D8}.Debug|iPhone.ActiveCfg = Debug|Any CPU
		{3315E406-CD28-4E9C-A967-56375CDAA8D8}.Debug|iPhone.Build.0 = Debug|Any CPU
		{3315E406-CD28-4E9C-A967-56375CDAA8D8}.Debug|iPhone.Deploy.0 = Debug|Any CPU
		{3315E406-CD28-4E9C-A967-56375CDAA8D8}.Debug|iPhoneSimulator.ActiveCfg = Debug|Any CPU
		{3315E406-CD28-4E9C-A967-56375CDAA8D8}.Debug|iPhoneSimulator.Build.0 = Debug|Any CPU
		{3315E406-CD28-4E9C-A967-56375CDAA8D8}.Debug|iPhoneSimulator.Deploy.0 = Debug|Any CPU
		{3315E406-CD28-4E9C-A967-56375CDAA8D8}.Debug|x64.ActiveCfg = Debug|Any CPU
		{3315E406-CD28-4E9C-A967-56375CDAA8D8}.Debug|x64.Build.0 = Debug|Any CPU
		{3315E406-CD28-4E9C-A967-56375CDAA8D8}.Debug|x64.Deploy.0 = Debug|Any CPU
		{3315E406-CD28-4E9C-A967-56375CDAA8D8}.Debug|x86.ActiveCfg = Debug|Any CPU
		{3315E406-CD28-4E9C-A967-56375CDAA8D8}.Debug|x86.Build.0 = Debug|Any CPU
		{3315E406-CD28-4E9C-A967-56375CDAA8D8}.Debug|x86.Deploy.0 = Debug|Any CPU
		{3315E406-CD28-4E9C-A967-56375CDAA8D8}.Release|Any CPU.ActiveCfg = Release|Any CPU
		{3315E406-CD28-4E9C-A967-56375CDAA8D8}.Release|Any CPU.Build.0 = Release|Any CPU
		{3315E406-CD28-4E9C-A967-56375CDAA8D8}.Release|Any CPU.Deploy.0 = Release|Any CPU
		{3315E406-CD28-4E9C-A967-56375CDAA8D8}.Release|ARM.ActiveCfg = Release|Any CPU
		{3315E406-CD28-4E9C-A967-56375CDAA8D8}.Release|ARM.Build.0 = Release|Any CPU
		{3315E406-CD28-4E9C-A967-56375CDAA8D8}.Release|ARM.Deploy.0 = Release|Any CPU
		{3315E406-CD28-4E9C-A967-56375CDAA8D8}.Release|iPhone.ActiveCfg = Release|Any CPU
		{3315E406-CD28-4E9C-A967-56375CDAA8D8}.Release|iPhone.Build.0 = Release|Any CPU
		{3315E406-CD28-4E9C-A967-56375CDAA8D8}.Release|iPhone.Deploy.0 = Release|Any CPU
		{3315E406-CD28-4E9C-A967-56375CDAA8D8}.Release|iPhoneSimulator.ActiveCfg = Release|Any CPU
		{3315E406-CD28-4E9C-A967-56375CDAA8D8}.Release|iPhoneSimulator.Build.0 = Release|Any CPU
		{3315E406-CD28-4E9C-A967-56375CDAA8D8}.Release|iPhoneSimulator.Deploy.0 = Release|Any CPU
		{3315E406-CD28-4E9C-A967-56375CDAA8D8}.Release|x64.ActiveCfg = Release|Any CPU
		{3315E406-CD28-4E9C-A967-56375CDAA8D8}.Release|x64.Build.0 = Release|Any CPU
		{3315E406-CD28-4E9C-A967-56375CDAA8D8}.Release|x64.Deploy.0 = Release|Any CPU
		{3315E406-CD28-4E9C-A967-56375CDAA8D8}.Release|x86.ActiveCfg = Release|Any CPU
		{3315E406-CD28-4E9C-A967-56375CDAA8D8}.Release|x86.Build.0 = Release|Any CPU
		{3315E406-CD28-4E9C-A967-56375CDAA8D8}.Release|x86.Deploy.0 = Release|Any CPU
		{402074FF-0376-469C-B1BB-DEA1B84EF21A}.Ad-Hoc|Any CPU.ActiveCfg = Release|Any CPU
		{402074FF-0376-469C-B1BB-DEA1B84EF21A}.Ad-Hoc|Any CPU.Build.0 = Release|Any CPU
		{402074FF-0376-469C-B1BB-DEA1B84EF21A}.Ad-Hoc|ARM.ActiveCfg = Release|Any CPU
		{402074FF-0376-469C-B1BB-DEA1B84EF21A}.Ad-Hoc|ARM.Build.0 = Release|Any CPU
		{402074FF-0376-469C-B1BB-DEA1B84EF21A}.Ad-Hoc|iPhone.ActiveCfg = Release|Any CPU
		{402074FF-0376-469C-B1BB-DEA1B84EF21A}.Ad-Hoc|iPhone.Build.0 = Release|Any CPU
		{402074FF-0376-469C-B1BB-DEA1B84EF21A}.Ad-Hoc|iPhoneSimulator.ActiveCfg = Release|Any CPU
		{402074FF-0376-469C-B1BB-DEA1B84EF21A}.Ad-Hoc|iPhoneSimulator.Build.0 = Release|Any CPU
		{402074FF-0376-469C-B1BB-DEA1B84EF21A}.Ad-Hoc|x64.ActiveCfg = Release|Any CPU
		{402074FF-0376-469C-B1BB-DEA1B84EF21A}.Ad-Hoc|x64.Build.0 = Release|Any CPU
		{402074FF-0376-469C-B1BB-DEA1B84EF21A}.Ad-Hoc|x86.ActiveCfg = Release|Any CPU
		{402074FF-0376-469C-B1BB-DEA1B84EF21A}.Ad-Hoc|x86.Build.0 = Release|Any CPU
		{402074FF-0376-469C-B1BB-DEA1B84EF21A}.AppStore|Any CPU.ActiveCfg = Release|Any CPU
		{402074FF-0376-469C-B1BB-DEA1B84EF21A}.AppStore|Any CPU.Build.0 = Release|Any CPU
		{402074FF-0376-469C-B1BB-DEA1B84EF21A}.AppStore|ARM.ActiveCfg = Release|Any CPU
		{402074FF-0376-469C-B1BB-DEA1B84EF21A}.AppStore|ARM.Build.0 = Release|Any CPU
		{402074FF-0376-469C-B1BB-DEA1B84EF21A}.AppStore|iPhone.ActiveCfg = Release|Any CPU
		{402074FF-0376-469C-B1BB-DEA1B84EF21A}.AppStore|iPhone.Build.0 = Release|Any CPU
		{402074FF-0376-469C-B1BB-DEA1B84EF21A}.AppStore|iPhoneSimulator.ActiveCfg = Release|Any CPU
		{402074FF-0376-469C-B1BB-DEA1B84EF21A}.AppStore|iPhoneSimulator.Build.0 = Release|Any CPU
		{402074FF-0376-469C-B1BB-DEA1B84EF21A}.AppStore|x64.ActiveCfg = Release|Any CPU
		{402074FF-0376-469C-B1BB-DEA1B84EF21A}.AppStore|x64.Build.0 = Release|Any CPU
		{402074FF-0376-469C-B1BB-DEA1B84EF21A}.AppStore|x86.ActiveCfg = Release|Any CPU
		{402074FF-0376-469C-B1BB-DEA1B84EF21A}.AppStore|x86.Build.0 = Release|Any CPU
		{402074FF-0376-469C-B1BB-DEA1B84EF21A}.Debug|Any CPU.ActiveCfg = Debug|Any CPU
		{402074FF-0376-469C-B1BB-DEA1B84EF21A}.Debug|Any CPU.Build.0 = Debug|Any CPU
		{402074FF-0376-469C-B1BB-DEA1B84EF21A}.Debug|ARM.ActiveCfg = Debug|Any CPU
		{402074FF-0376-469C-B1BB-DEA1B84EF21A}.Debug|ARM.Build.0 = Debug|Any CPU
		{402074FF-0376-469C-B1BB-DEA1B84EF21A}.Debug|iPhone.ActiveCfg = Debug|Any CPU
		{402074FF-0376-469C-B1BB-DEA1B84EF21A}.Debug|iPhone.Build.0 = Debug|Any CPU
		{402074FF-0376-469C-B1BB-DEA1B84EF21A}.Debug|iPhoneSimulator.ActiveCfg = Debug|Any CPU
		{402074FF-0376-469C-B1BB-DEA1B84EF21A}.Debug|iPhoneSimulator.Build.0 = Debug|Any CPU
		{402074FF-0376-469C-B1BB-DEA1B84EF21A}.Debug|x64.ActiveCfg = Debug|Any CPU
		{402074FF-0376-469C-B1BB-DEA1B84EF21A}.Debug|x64.Build.0 = Debug|Any CPU
		{402074FF-0376-469C-B1BB-DEA1B84EF21A}.Debug|x86.ActiveCfg = Debug|Any CPU
		{402074FF-0376-469C-B1BB-DEA1B84EF21A}.Debug|x86.Build.0 = Debug|Any CPU
		{402074FF-0376-469C-B1BB-DEA1B84EF21A}.Release|Any CPU.ActiveCfg = Release|Any CPU
		{402074FF-0376-469C-B1BB-DEA1B84EF21A}.Release|Any CPU.Build.0 = Release|Any CPU
		{402074FF-0376-469C-B1BB-DEA1B84EF21A}.Release|ARM.ActiveCfg = Release|Any CPU
		{402074FF-0376-469C-B1BB-DEA1B84EF21A}.Release|ARM.Build.0 = Release|Any CPU
		{402074FF-0376-469C-B1BB-DEA1B84EF21A}.Release|iPhone.ActiveCfg = Release|Any CPU
		{402074FF-0376-469C-B1BB-DEA1B84EF21A}.Release|iPhone.Build.0 = Release|Any CPU
		{402074FF-0376-469C-B1BB-DEA1B84EF21A}.Release|iPhoneSimulator.ActiveCfg = Release|Any CPU
		{402074FF-0376-469C-B1BB-DEA1B84EF21A}.Release|iPhoneSimulator.Build.0 = Release|Any CPU
		{402074FF-0376-469C-B1BB-DEA1B84EF21A}.Release|x64.ActiveCfg = Release|Any CPU
		{402074FF-0376-469C-B1BB-DEA1B84EF21A}.Release|x64.Build.0 = Release|Any CPU
		{402074FF-0376-469C-B1BB-DEA1B84EF21A}.Release|x86.ActiveCfg = Release|Any CPU
		{402074FF-0376-469C-B1BB-DEA1B84EF21A}.Release|x86.Build.0 = Release|Any CPU
		{DB40B48F-A636-4272-AF42-7EF9C0F58AC1}.Ad-Hoc|Any CPU.ActiveCfg = Release|x86
		{DB40B48F-A636-4272-AF42-7EF9C0F58AC1}.Ad-Hoc|Any CPU.Build.0 = Release|x86
		{DB40B48F-A636-4272-AF42-7EF9C0F58AC1}.Ad-Hoc|Any CPU.Deploy.0 = Release|x86
		{DB40B48F-A636-4272-AF42-7EF9C0F58AC1}.Ad-Hoc|ARM.ActiveCfg = Release|ARM
		{DB40B48F-A636-4272-AF42-7EF9C0F58AC1}.Ad-Hoc|ARM.Build.0 = Release|ARM
		{DB40B48F-A636-4272-AF42-7EF9C0F58AC1}.Ad-Hoc|ARM.Deploy.0 = Release|ARM
		{DB40B48F-A636-4272-AF42-7EF9C0F58AC1}.Ad-Hoc|iPhone.ActiveCfg = Release|x86
		{DB40B48F-A636-4272-AF42-7EF9C0F58AC1}.Ad-Hoc|iPhone.Build.0 = Release|x86
		{DB40B48F-A636-4272-AF42-7EF9C0F58AC1}.Ad-Hoc|iPhone.Deploy.0 = Release|x86
		{DB40B48F-A636-4272-AF42-7EF9C0F58AC1}.Ad-Hoc|iPhoneSimulator.ActiveCfg = Release|x86
		{DB40B48F-A636-4272-AF42-7EF9C0F58AC1}.Ad-Hoc|iPhoneSimulator.Build.0 = Release|x86
		{DB40B48F-A636-4272-AF42-7EF9C0F58AC1}.Ad-Hoc|iPhoneSimulator.Deploy.0 = Release|x86
		{DB40B48F-A636-4272-AF42-7EF9C0F58AC1}.Ad-Hoc|x64.ActiveCfg = Release|x64
		{DB40B48F-A636-4272-AF42-7EF9C0F58AC1}.Ad-Hoc|x64.Build.0 = Release|x64
		{DB40B48F-A636-4272-AF42-7EF9C0F58AC1}.Ad-Hoc|x64.Deploy.0 = Release|x64
		{DB40B48F-A636-4272-AF42-7EF9C0F58AC1}.Ad-Hoc|x86.ActiveCfg = Release|x86
		{DB40B48F-A636-4272-AF42-7EF9C0F58AC1}.Ad-Hoc|x86.Build.0 = Release|x86
		{DB40B48F-A636-4272-AF42-7EF9C0F58AC1}.Ad-Hoc|x86.Deploy.0 = Release|x86
		{DB40B48F-A636-4272-AF42-7EF9C0F58AC1}.AppStore|Any CPU.ActiveCfg = Release|x86
		{DB40B48F-A636-4272-AF42-7EF9C0F58AC1}.AppStore|Any CPU.Build.0 = Release|x86
		{DB40B48F-A636-4272-AF42-7EF9C0F58AC1}.AppStore|Any CPU.Deploy.0 = Release|x86
		{DB40B48F-A636-4272-AF42-7EF9C0F58AC1}.AppStore|ARM.ActiveCfg = Release|ARM
		{DB40B48F-A636-4272-AF42-7EF9C0F58AC1}.AppStore|ARM.Build.0 = Release|ARM
		{DB40B48F-A636-4272-AF42-7EF9C0F58AC1}.AppStore|ARM.Deploy.0 = Release|ARM
		{DB40B48F-A636-4272-AF42-7EF9C0F58AC1}.AppStore|iPhone.ActiveCfg = Release|x86
		{DB40B48F-A636-4272-AF42-7EF9C0F58AC1}.AppStore|iPhone.Build.0 = Release|x86
		{DB40B48F-A636-4272-AF42-7EF9C0F58AC1}.AppStore|iPhone.Deploy.0 = Release|x86
		{DB40B48F-A636-4272-AF42-7EF9C0F58AC1}.AppStore|iPhoneSimulator.ActiveCfg = Release|x86
		{DB40B48F-A636-4272-AF42-7EF9C0F58AC1}.AppStore|iPhoneSimulator.Build.0 = Release|x86
		{DB40B48F-A636-4272-AF42-7EF9C0F58AC1}.AppStore|iPhoneSimulator.Deploy.0 = Release|x86
		{DB40B48F-A636-4272-AF42-7EF9C0F58AC1}.AppStore|x64.ActiveCfg = Release|x64
		{DB40B48F-A636-4272-AF42-7EF9C0F58AC1}.AppStore|x64.Build.0 = Release|x64
		{DB40B48F-A636-4272-AF42-7EF9C0F58AC1}.AppStore|x64.Deploy.0 = Release|x64
		{DB40B48F-A636-4272-AF42-7EF9C0F58AC1}.AppStore|x86.ActiveCfg = Release|x86
		{DB40B48F-A636-4272-AF42-7EF9C0F58AC1}.AppStore|x86.Build.0 = Release|x86
		{DB40B48F-A636-4272-AF42-7EF9C0F58AC1}.AppStore|x86.Deploy.0 = Release|x86
		{DB40B48F-A636-4272-AF42-7EF9C0F58AC1}.Debug|Any CPU.ActiveCfg = Debug|x86
		{DB40B48F-A636-4272-AF42-7EF9C0F58AC1}.Debug|ARM.ActiveCfg = Debug|ARM
		{DB40B48F-A636-4272-AF42-7EF9C0F58AC1}.Debug|ARM.Build.0 = Debug|ARM
		{DB40B48F-A636-4272-AF42-7EF9C0F58AC1}.Debug|ARM.Deploy.0 = Debug|ARM
		{DB40B48F-A636-4272-AF42-7EF9C0F58AC1}.Debug|iPhone.ActiveCfg = Debug|x86
		{DB40B48F-A636-4272-AF42-7EF9C0F58AC1}.Debug|iPhoneSimulator.ActiveCfg = Debug|x86
		{DB40B48F-A636-4272-AF42-7EF9C0F58AC1}.Debug|x64.ActiveCfg = Debug|x64
		{DB40B48F-A636-4272-AF42-7EF9C0F58AC1}.Debug|x64.Build.0 = Debug|x64
		{DB40B48F-A636-4272-AF42-7EF9C0F58AC1}.Debug|x64.Deploy.0 = Debug|x64
		{DB40B48F-A636-4272-AF42-7EF9C0F58AC1}.Debug|x86.ActiveCfg = Debug|x86
		{DB40B48F-A636-4272-AF42-7EF9C0F58AC1}.Debug|x86.Build.0 = Debug|x86
		{DB40B48F-A636-4272-AF42-7EF9C0F58AC1}.Debug|x86.Deploy.0 = Debug|x86
		{DB40B48F-A636-4272-AF42-7EF9C0F58AC1}.Release|Any CPU.ActiveCfg = Release|x86
		{DB40B48F-A636-4272-AF42-7EF9C0F58AC1}.Release|ARM.ActiveCfg = Release|ARM
		{DB40B48F-A636-4272-AF42-7EF9C0F58AC1}.Release|ARM.Build.0 = Release|ARM
		{DB40B48F-A636-4272-AF42-7EF9C0F58AC1}.Release|ARM.Deploy.0 = Release|ARM
		{DB40B48F-A636-4272-AF42-7EF9C0F58AC1}.Release|iPhone.ActiveCfg = Release|x86
		{DB40B48F-A636-4272-AF42-7EF9C0F58AC1}.Release|iPhoneSimulator.ActiveCfg = Release|x86
		{DB40B48F-A636-4272-AF42-7EF9C0F58AC1}.Release|x64.ActiveCfg = Release|x64
		{DB40B48F-A636-4272-AF42-7EF9C0F58AC1}.Release|x64.Build.0 = Release|x64
		{DB40B48F-A636-4272-AF42-7EF9C0F58AC1}.Release|x64.Deploy.0 = Release|x64
		{DB40B48F-A636-4272-AF42-7EF9C0F58AC1}.Release|x86.ActiveCfg = Release|x86
		{DB40B48F-A636-4272-AF42-7EF9C0F58AC1}.Release|x86.Build.0 = Release|x86
		{DB40B48F-A636-4272-AF42-7EF9C0F58AC1}.Release|x86.Deploy.0 = Release|x86
		{DCC083A7-A004-478C-A296-BEF6952148A0}.Ad-Hoc|Any CPU.ActiveCfg = Release|Any CPU
		{DCC083A7-A004-478C-A296-BEF6952148A0}.Ad-Hoc|Any CPU.Build.0 = Release|Any CPU
		{DCC083A7-A004-478C-A296-BEF6952148A0}.Ad-Hoc|Any CPU.Deploy.0 = Release|Any CPU
		{DCC083A7-A004-478C-A296-BEF6952148A0}.Ad-Hoc|ARM.ActiveCfg = Release|Any CPU
		{DCC083A7-A004-478C-A296-BEF6952148A0}.Ad-Hoc|ARM.Build.0 = Release|Any CPU
		{DCC083A7-A004-478C-A296-BEF6952148A0}.Ad-Hoc|ARM.Deploy.0 = Release|Any CPU
		{DCC083A7-A004-478C-A296-BEF6952148A0}.Ad-Hoc|iPhone.ActiveCfg = Release|Any CPU
		{DCC083A7-A004-478C-A296-BEF6952148A0}.Ad-Hoc|iPhone.Build.0 = Release|Any CPU
		{DCC083A7-A004-478C-A296-BEF6952148A0}.Ad-Hoc|iPhone.Deploy.0 = Release|Any CPU
		{DCC083A7-A004-478C-A296-BEF6952148A0}.Ad-Hoc|iPhoneSimulator.ActiveCfg = Release|Any CPU
		{DCC083A7-A004-478C-A296-BEF6952148A0}.Ad-Hoc|iPhoneSimulator.Build.0 = Release|Any CPU
		{DCC083A7-A004-478C-A296-BEF6952148A0}.Ad-Hoc|iPhoneSimulator.Deploy.0 = Release|Any CPU
		{DCC083A7-A004-478C-A296-BEF6952148A0}.Ad-Hoc|x64.ActiveCfg = Release|Any CPU
		{DCC083A7-A004-478C-A296-BEF6952148A0}.Ad-Hoc|x64.Build.0 = Release|Any CPU
		{DCC083A7-A004-478C-A296-BEF6952148A0}.Ad-Hoc|x64.Deploy.0 = Release|Any CPU
		{DCC083A7-A004-478C-A296-BEF6952148A0}.Ad-Hoc|x86.ActiveCfg = Release|Any CPU
		{DCC083A7-A004-478C-A296-BEF6952148A0}.Ad-Hoc|x86.Build.0 = Release|Any CPU
		{DCC083A7-A004-478C-A296-BEF6952148A0}.Ad-Hoc|x86.Deploy.0 = Release|Any CPU
		{DCC083A7-A004-478C-A296-BEF6952148A0}.AppStore|Any CPU.ActiveCfg = Release|Any CPU
		{DCC083A7-A004-478C-A296-BEF6952148A0}.AppStore|Any CPU.Build.0 = Release|Any CPU
		{DCC083A7-A004-478C-A296-BEF6952148A0}.AppStore|Any CPU.Deploy.0 = Release|Any CPU
		{DCC083A7-A004-478C-A296-BEF6952148A0}.AppStore|ARM.ActiveCfg = Release|Any CPU
		{DCC083A7-A004-478C-A296-BEF6952148A0}.AppStore|ARM.Build.0 = Release|Any CPU
		{DCC083A7-A004-478C-A296-BEF6952148A0}.AppStore|ARM.Deploy.0 = Release|Any CPU
		{DCC083A7-A004-478C-A296-BEF6952148A0}.AppStore|iPhone.ActiveCfg = Release|Any CPU
		{DCC083A7-A004-478C-A296-BEF6952148A0}.AppStore|iPhone.Build.0 = Release|Any CPU
		{DCC083A7-A004-478C-A296-BEF6952148A0}.AppStore|iPhone.Deploy.0 = Release|Any CPU
		{DCC083A7-A004-478C-A296-BEF6952148A0}.AppStore|iPhoneSimulator.ActiveCfg = Release|Any CPU
		{DCC083A7-A004-478C-A296-BEF6952148A0}.AppStore|iPhoneSimulator.Build.0 = Release|Any CPU
		{DCC083A7-A004-478C-A296-BEF6952148A0}.AppStore|iPhoneSimulator.Deploy.0 = Release|Any CPU
		{DCC083A7-A004-478C-A296-BEF6952148A0}.AppStore|x64.ActiveCfg = Release|Any CPU
		{DCC083A7-A004-478C-A296-BEF6952148A0}.AppStore|x64.Build.0 = Release|Any CPU
		{DCC083A7-A004-478C-A296-BEF6952148A0}.AppStore|x64.Deploy.0 = Release|Any CPU
		{DCC083A7-A004-478C-A296-BEF6952148A0}.AppStore|x86.ActiveCfg = Release|Any CPU
		{DCC083A7-A004-478C-A296-BEF6952148A0}.AppStore|x86.Build.0 = Release|Any CPU
		{DCC083A7-A004-478C-A296-BEF6952148A0}.AppStore|x86.Deploy.0 = Release|Any CPU
		{DCC083A7-A004-478C-A296-BEF6952148A0}.Debug|Any CPU.ActiveCfg = Debug|Any CPU
		{DCC083A7-A004-478C-A296-BEF6952148A0}.Debug|Any CPU.Build.0 = Debug|Any CPU
		{DCC083A7-A004-478C-A296-BEF6952148A0}.Debug|Any CPU.Deploy.0 = Debug|Any CPU
		{DCC083A7-A004-478C-A296-BEF6952148A0}.Debug|ARM.ActiveCfg = Debug|Any CPU
		{DCC083A7-A004-478C-A296-BEF6952148A0}.Debug|ARM.Build.0 = Debug|Any CPU
		{DCC083A7-A004-478C-A296-BEF6952148A0}.Debug|ARM.Deploy.0 = Debug|Any CPU
		{DCC083A7-A004-478C-A296-BEF6952148A0}.Debug|iPhone.ActiveCfg = Debug|Any CPU
		{DCC083A7-A004-478C-A296-BEF6952148A0}.Debug|iPhone.Build.0 = Debug|Any CPU
		{DCC083A7-A004-478C-A296-BEF6952148A0}.Debug|iPhone.Deploy.0 = Debug|Any CPU
		{DCC083A7-A004-478C-A296-BEF6952148A0}.Debug|iPhoneSimulator.ActiveCfg = Debug|Any CPU
		{DCC083A7-A004-478C-A296-BEF6952148A0}.Debug|iPhoneSimulator.Build.0 = Debug|Any CPU
		{DCC083A7-A004-478C-A296-BEF6952148A0}.Debug|iPhoneSimulator.Deploy.0 = Debug|Any CPU
		{DCC083A7-A004-478C-A296-BEF6952148A0}.Debug|x64.ActiveCfg = Debug|Any CPU
		{DCC083A7-A004-478C-A296-BEF6952148A0}.Debug|x64.Build.0 = Debug|Any CPU
		{DCC083A7-A004-478C-A296-BEF6952148A0}.Debug|x64.Deploy.0 = Debug|Any CPU
		{DCC083A7-A004-478C-A296-BEF6952148A0}.Debug|x86.ActiveCfg = Debug|Any CPU
		{DCC083A7-A004-478C-A296-BEF6952148A0}.Debug|x86.Build.0 = Debug|Any CPU
		{DCC083A7-A004-478C-A296-BEF6952148A0}.Debug|x86.Deploy.0 = Debug|Any CPU
		{DCC083A7-A004-478C-A296-BEF6952148A0}.Release|Any CPU.ActiveCfg = Release|Any CPU
		{DCC083A7-A004-478C-A296-BEF6952148A0}.Release|Any CPU.Build.0 = Release|Any CPU
		{DCC083A7-A004-478C-A296-BEF6952148A0}.Release|Any CPU.Deploy.0 = Release|Any CPU
		{DCC083A7-A004-478C-A296-BEF6952148A0}.Release|ARM.ActiveCfg = Release|Any CPU
		{DCC083A7-A004-478C-A296-BEF6952148A0}.Release|ARM.Build.0 = Release|Any CPU
		{DCC083A7-A004-478C-A296-BEF6952148A0}.Release|ARM.Deploy.0 = Release|Any CPU
		{DCC083A7-A004-478C-A296-BEF6952148A0}.Release|iPhone.ActiveCfg = Release|Any CPU
		{DCC083A7-A004-478C-A296-BEF6952148A0}.Release|iPhone.Build.0 = Release|Any CPU
		{DCC083A7-A004-478C-A296-BEF6952148A0}.Release|iPhone.Deploy.0 = Release|Any CPU
		{DCC083A7-A004-478C-A296-BEF6952148A0}.Release|iPhoneSimulator.ActiveCfg = Release|Any CPU
		{DCC083A7-A004-478C-A296-BEF6952148A0}.Release|iPhoneSimulator.Build.0 = Release|Any CPU
		{DCC083A7-A004-478C-A296-BEF6952148A0}.Release|iPhoneSimulator.Deploy.0 = Release|Any CPU
		{DCC083A7-A004-478C-A296-BEF6952148A0}.Release|x64.ActiveCfg = Release|Any CPU
		{DCC083A7-A004-478C-A296-BEF6952148A0}.Release|x64.Build.0 = Release|Any CPU
		{DCC083A7-A004-478C-A296-BEF6952148A0}.Release|x64.Deploy.0 = Release|Any CPU
		{DCC083A7-A004-478C-A296-BEF6952148A0}.Release|x86.ActiveCfg = Release|Any CPU
		{DCC083A7-A004-478C-A296-BEF6952148A0}.Release|x86.Build.0 = Release|Any CPU
		{DCC083A7-A004-478C-A296-BEF6952148A0}.Release|x86.Deploy.0 = Release|Any CPU
		{992601EB-4072-4543-8E71-0318F4708618}.Ad-Hoc|Any CPU.ActiveCfg = Release|Any CPU
		{992601EB-4072-4543-8E71-0318F4708618}.Ad-Hoc|Any CPU.Build.0 = Release|Any CPU
		{992601EB-4072-4543-8E71-0318F4708618}.Ad-Hoc|ARM.ActiveCfg = Release|Any CPU
		{992601EB-4072-4543-8E71-0318F4708618}.Ad-Hoc|ARM.Build.0 = Release|Any CPU
		{992601EB-4072-4543-8E71-0318F4708618}.Ad-Hoc|iPhone.ActiveCfg = Release|Any CPU
		{992601EB-4072-4543-8E71-0318F4708618}.Ad-Hoc|iPhone.Build.0 = Release|Any CPU
		{992601EB-4072-4543-8E71-0318F4708618}.Ad-Hoc|iPhoneSimulator.ActiveCfg = Release|Any CPU
		{992601EB-4072-4543-8E71-0318F4708618}.Ad-Hoc|iPhoneSimulator.Build.0 = Release|Any CPU
		{992601EB-4072-4543-8E71-0318F4708618}.Ad-Hoc|x64.ActiveCfg = Release|Any CPU
		{992601EB-4072-4543-8E71-0318F4708618}.Ad-Hoc|x64.Build.0 = Release|Any CPU
		{992601EB-4072-4543-8E71-0318F4708618}.Ad-Hoc|x86.ActiveCfg = Release|Any CPU
		{992601EB-4072-4543-8E71-0318F4708618}.Ad-Hoc|x86.Build.0 = Release|Any CPU
		{992601EB-4072-4543-8E71-0318F4708618}.AppStore|Any CPU.ActiveCfg = Release|Any CPU
		{992601EB-4072-4543-8E71-0318F4708618}.AppStore|Any CPU.Build.0 = Release|Any CPU
		{992601EB-4072-4543-8E71-0318F4708618}.AppStore|ARM.ActiveCfg = Release|Any CPU
		{992601EB-4072-4543-8E71-0318F4708618}.AppStore|ARM.Build.0 = Release|Any CPU
		{992601EB-4072-4543-8E71-0318F4708618}.AppStore|iPhone.ActiveCfg = Release|Any CPU
		{992601EB-4072-4543-8E71-0318F4708618}.AppStore|iPhone.Build.0 = Release|Any CPU
		{992601EB-4072-4543-8E71-0318F4708618}.AppStore|iPhoneSimulator.ActiveCfg = Release|Any CPU
		{992601EB-4072-4543-8E71-0318F4708618}.AppStore|iPhoneSimulator.Build.0 = Release|Any CPU
		{992601EB-4072-4543-8E71-0318F4708618}.AppStore|x64.ActiveCfg = Release|Any CPU
		{992601EB-4072-4543-8E71-0318F4708618}.AppStore|x64.Build.0 = Release|Any CPU
		{992601EB-4072-4543-8E71-0318F4708618}.AppStore|x86.ActiveCfg = Release|Any CPU
		{992601EB-4072-4543-8E71-0318F4708618}.AppStore|x86.Build.0 = Release|Any CPU
		{992601EB-4072-4543-8E71-0318F4708618}.Debug|Any CPU.ActiveCfg = Debug|Any CPU
		{992601EB-4072-4543-8E71-0318F4708618}.Debug|Any CPU.Build.0 = Debug|Any CPU
		{992601EB-4072-4543-8E71-0318F4708618}.Debug|ARM.ActiveCfg = Debug|Any CPU
		{992601EB-4072-4543-8E71-0318F4708618}.Debug|ARM.Build.0 = Debug|Any CPU
		{992601EB-4072-4543-8E71-0318F4708618}.Debug|iPhone.ActiveCfg = Debug|Any CPU
		{992601EB-4072-4543-8E71-0318F4708618}.Debug|iPhone.Build.0 = Debug|Any CPU
		{992601EB-4072-4543-8E71-0318F4708618}.Debug|iPhoneSimulator.ActiveCfg = Debug|Any CPU
		{992601EB-4072-4543-8E71-0318F4708618}.Debug|iPhoneSimulator.Build.0 = Debug|Any CPU
		{992601EB-4072-4543-8E71-0318F4708618}.Debug|x64.ActiveCfg = Debug|Any CPU
		{992601EB-4072-4543-8E71-0318F4708618}.Debug|x64.Build.0 = Debug|Any CPU
		{992601EB-4072-4543-8E71-0318F4708618}.Debug|x86.ActiveCfg = Debug|Any CPU
		{992601EB-4072-4543-8E71-0318F4708618}.Debug|x86.Build.0 = Debug|Any CPU
		{992601EB-4072-4543-8E71-0318F4708618}.Release|Any CPU.ActiveCfg = Release|Any CPU
		{992601EB-4072-4543-8E71-0318F4708618}.Release|Any CPU.Build.0 = Release|Any CPU
		{992601EB-4072-4543-8E71-0318F4708618}.Release|ARM.ActiveCfg = Release|Any CPU
		{992601EB-4072-4543-8E71-0318F4708618}.Release|ARM.Build.0 = Release|Any CPU
		{992601EB-4072-4543-8E71-0318F4708618}.Release|iPhone.ActiveCfg = Release|Any CPU
		{992601EB-4072-4543-8E71-0318F4708618}.Release|iPhone.Build.0 = Release|Any CPU
		{992601EB-4072-4543-8E71-0318F4708618}.Release|iPhoneSimulator.ActiveCfg = Release|Any CPU
		{992601EB-4072-4543-8E71-0318F4708618}.Release|iPhoneSimulator.Build.0 = Release|Any CPU
		{992601EB-4072-4543-8E71-0318F4708618}.Release|x64.ActiveCfg = Release|Any CPU
		{992601EB-4072-4543-8E71-0318F4708618}.Release|x64.Build.0 = Release|Any CPU
		{992601EB-4072-4543-8E71-0318F4708618}.Release|x86.ActiveCfg = Release|Any CPU
		{992601EB-4072-4543-8E71-0318F4708618}.Release|x86.Build.0 = Release|Any CPU
		{94879279-7C69-4FD8-9E80-16C4DB1226B5}.Ad-Hoc|Any CPU.ActiveCfg = Release|x86
		{94879279-7C69-4FD8-9E80-16C4DB1226B5}.Ad-Hoc|Any CPU.Build.0 = Release|x86
		{94879279-7C69-4FD8-9E80-16C4DB1226B5}.Ad-Hoc|Any CPU.Deploy.0 = Release|x86
		{94879279-7C69-4FD8-9E80-16C4DB1226B5}.Ad-Hoc|ARM.ActiveCfg = Release|ARM
		{94879279-7C69-4FD8-9E80-16C4DB1226B5}.Ad-Hoc|ARM.Build.0 = Release|ARM
		{94879279-7C69-4FD8-9E80-16C4DB1226B5}.Ad-Hoc|ARM.Deploy.0 = Release|ARM
		{94879279-7C69-4FD8-9E80-16C4DB1226B5}.Ad-Hoc|iPhone.ActiveCfg = Release|x86
		{94879279-7C69-4FD8-9E80-16C4DB1226B5}.Ad-Hoc|iPhone.Build.0 = Release|x86
		{94879279-7C69-4FD8-9E80-16C4DB1226B5}.Ad-Hoc|iPhone.Deploy.0 = Release|x86
		{94879279-7C69-4FD8-9E80-16C4DB1226B5}.Ad-Hoc|iPhoneSimulator.ActiveCfg = Release|x86
		{94879279-7C69-4FD8-9E80-16C4DB1226B5}.Ad-Hoc|iPhoneSimulator.Build.0 = Release|x86
		{94879279-7C69-4FD8-9E80-16C4DB1226B5}.Ad-Hoc|iPhoneSimulator.Deploy.0 = Release|x86
		{94879279-7C69-4FD8-9E80-16C4DB1226B5}.Ad-Hoc|x64.ActiveCfg = Release|x64
		{94879279-7C69-4FD8-9E80-16C4DB1226B5}.Ad-Hoc|x64.Build.0 = Release|x64
		{94879279-7C69-4FD8-9E80-16C4DB1226B5}.Ad-Hoc|x64.Deploy.0 = Release|x64
		{94879279-7C69-4FD8-9E80-16C4DB1226B5}.Ad-Hoc|x86.ActiveCfg = Release|x86
		{94879279-7C69-4FD8-9E80-16C4DB1226B5}.Ad-Hoc|x86.Build.0 = Release|x86
		{94879279-7C69-4FD8-9E80-16C4DB1226B5}.Ad-Hoc|x86.Deploy.0 = Release|x86
		{94879279-7C69-4FD8-9E80-16C4DB1226B5}.AppStore|Any CPU.ActiveCfg = Release|x86
		{94879279-7C69-4FD8-9E80-16C4DB1226B5}.AppStore|Any CPU.Build.0 = Release|x86
		{94879279-7C69-4FD8-9E80-16C4DB1226B5}.AppStore|Any CPU.Deploy.0 = Release|x86
		{94879279-7C69-4FD8-9E80-16C4DB1226B5}.AppStore|ARM.ActiveCfg = Release|ARM
		{94879279-7C69-4FD8-9E80-16C4DB1226B5}.AppStore|ARM.Build.0 = Release|ARM
		{94879279-7C69-4FD8-9E80-16C4DB1226B5}.AppStore|ARM.Deploy.0 = Release|ARM
		{94879279-7C69-4FD8-9E80-16C4DB1226B5}.AppStore|iPhone.ActiveCfg = Release|x86
		{94879279-7C69-4FD8-9E80-16C4DB1226B5}.AppStore|iPhone.Build.0 = Release|x86
		{94879279-7C69-4FD8-9E80-16C4DB1226B5}.AppStore|iPhone.Deploy.0 = Release|x86
		{94879279-7C69-4FD8-9E80-16C4DB1226B5}.AppStore|iPhoneSimulator.ActiveCfg = Release|x86
		{94879279-7C69-4FD8-9E80-16C4DB1226B5}.AppStore|iPhoneSimulator.Build.0 = Release|x86
		{94879279-7C69-4FD8-9E80-16C4DB1226B5}.AppStore|iPhoneSimulator.Deploy.0 = Release|x86
		{94879279-7C69-4FD8-9E80-16C4DB1226B5}.AppStore|x64.ActiveCfg = Release|x64
		{94879279-7C69-4FD8-9E80-16C4DB1226B5}.AppStore|x64.Build.0 = Release|x64
		{94879279-7C69-4FD8-9E80-16C4DB1226B5}.AppStore|x64.Deploy.0 = Release|x64
		{94879279-7C69-4FD8-9E80-16C4DB1226B5}.AppStore|x86.ActiveCfg = Release|x86
		{94879279-7C69-4FD8-9E80-16C4DB1226B5}.AppStore|x86.Build.0 = Release|x86
		{94879279-7C69-4FD8-9E80-16C4DB1226B5}.AppStore|x86.Deploy.0 = Release|x86
		{94879279-7C69-4FD8-9E80-16C4DB1226B5}.Debug|Any CPU.ActiveCfg = Debug|x86
		{94879279-7C69-4FD8-9E80-16C4DB1226B5}.Debug|ARM.ActiveCfg = Debug|ARM
		{94879279-7C69-4FD8-9E80-16C4DB1226B5}.Debug|ARM.Build.0 = Debug|ARM
		{94879279-7C69-4FD8-9E80-16C4DB1226B5}.Debug|ARM.Deploy.0 = Debug|ARM
		{94879279-7C69-4FD8-9E80-16C4DB1226B5}.Debug|iPhone.ActiveCfg = Debug|x86
		{94879279-7C69-4FD8-9E80-16C4DB1226B5}.Debug|iPhoneSimulator.ActiveCfg = Debug|x86
		{94879279-7C69-4FD8-9E80-16C4DB1226B5}.Debug|x64.ActiveCfg = Debug|x64
		{94879279-7C69-4FD8-9E80-16C4DB1226B5}.Debug|x64.Build.0 = Debug|x64
		{94879279-7C69-4FD8-9E80-16C4DB1226B5}.Debug|x64.Deploy.0 = Debug|x64
		{94879279-7C69-4FD8-9E80-16C4DB1226B5}.Debug|x86.ActiveCfg = Debug|x86
		{94879279-7C69-4FD8-9E80-16C4DB1226B5}.Debug|x86.Build.0 = Debug|x86
		{94879279-7C69-4FD8-9E80-16C4DB1226B5}.Debug|x86.Deploy.0 = Debug|x86
		{94879279-7C69-4FD8-9E80-16C4DB1226B5}.Release|Any CPU.ActiveCfg = Release|x86
		{94879279-7C69-4FD8-9E80-16C4DB1226B5}.Release|ARM.ActiveCfg = Release|ARM
		{94879279-7C69-4FD8-9E80-16C4DB1226B5}.Release|ARM.Build.0 = Release|ARM
		{94879279-7C69-4FD8-9E80-16C4DB1226B5}.Release|ARM.Deploy.0 = Release|ARM
		{94879279-7C69-4FD8-9E80-16C4DB1226B5}.Release|iPhone.ActiveCfg = Release|x86
		{94879279-7C69-4FD8-9E80-16C4DB1226B5}.Release|iPhoneSimulator.ActiveCfg = Release|x86
		{94879279-7C69-4FD8-9E80-16C4DB1226B5}.Release|x64.ActiveCfg = Release|x64
		{94879279-7C69-4FD8-9E80-16C4DB1226B5}.Release|x64.Build.0 = Release|x64
		{94879279-7C69-4FD8-9E80-16C4DB1226B5}.Release|x64.Deploy.0 = Release|x64
		{94879279-7C69-4FD8-9E80-16C4DB1226B5}.Release|x86.ActiveCfg = Release|x86
		{94879279-7C69-4FD8-9E80-16C4DB1226B5}.Release|x86.Build.0 = Release|x86
		{94879279-7C69-4FD8-9E80-16C4DB1226B5}.Release|x86.Deploy.0 = Release|x86
		{A6E1D953-272A-45AF-AC90-0D6F496B0277}.Ad-Hoc|Any CPU.ActiveCfg = Ad-Hoc|iPhone
		{A6E1D953-272A-45AF-AC90-0D6F496B0277}.Ad-Hoc|ARM.ActiveCfg = Ad-Hoc|iPhone
		{A6E1D953-272A-45AF-AC90-0D6F496B0277}.Ad-Hoc|iPhone.ActiveCfg = Ad-Hoc|iPhone
		{A6E1D953-272A-45AF-AC90-0D6F496B0277}.Ad-Hoc|iPhone.Build.0 = Ad-Hoc|iPhone
		{A6E1D953-272A-45AF-AC90-0D6F496B0277}.Ad-Hoc|iPhoneSimulator.ActiveCfg = Ad-Hoc|iPhoneSimulator
		{A6E1D953-272A-45AF-AC90-0D6F496B0277}.Ad-Hoc|iPhoneSimulator.Build.0 = Ad-Hoc|iPhoneSimulator
		{A6E1D953-272A-45AF-AC90-0D6F496B0277}.Ad-Hoc|x64.ActiveCfg = Ad-Hoc|iPhone
		{A6E1D953-272A-45AF-AC90-0D6F496B0277}.Ad-Hoc|x86.ActiveCfg = Ad-Hoc|iPhone
		{A6E1D953-272A-45AF-AC90-0D6F496B0277}.AppStore|Any CPU.ActiveCfg = AppStore|iPhone
		{A6E1D953-272A-45AF-AC90-0D6F496B0277}.AppStore|ARM.ActiveCfg = AppStore|iPhone
		{A6E1D953-272A-45AF-AC90-0D6F496B0277}.AppStore|iPhone.ActiveCfg = AppStore|iPhone
		{A6E1D953-272A-45AF-AC90-0D6F496B0277}.AppStore|iPhone.Build.0 = AppStore|iPhone
		{A6E1D953-272A-45AF-AC90-0D6F496B0277}.AppStore|iPhoneSimulator.ActiveCfg = AppStore|iPhoneSimulator
		{A6E1D953-272A-45AF-AC90-0D6F496B0277}.AppStore|iPhoneSimulator.Build.0 = AppStore|iPhoneSimulator
		{A6E1D953-272A-45AF-AC90-0D6F496B0277}.AppStore|x64.ActiveCfg = AppStore|iPhone
		{A6E1D953-272A-45AF-AC90-0D6F496B0277}.AppStore|x86.ActiveCfg = AppStore|iPhone
		{A6E1D953-272A-45AF-AC90-0D6F496B0277}.Debug|Any CPU.ActiveCfg = Debug|iPhone
		{A6E1D953-272A-45AF-AC90-0D6F496B0277}.Debug|ARM.ActiveCfg = Debug|iPhone
		{A6E1D953-272A-45AF-AC90-0D6F496B0277}.Debug|iPhone.ActiveCfg = Debug|iPhone
		{A6E1D953-272A-45AF-AC90-0D6F496B0277}.Debug|iPhone.Build.0 = Debug|iPhone
		{A6E1D953-272A-45AF-AC90-0D6F496B0277}.Debug|iPhoneSimulator.ActiveCfg = Debug|iPhoneSimulator
		{A6E1D953-272A-45AF-AC90-0D6F496B0277}.Debug|iPhoneSimulator.Build.0 = Debug|iPhoneSimulator
		{A6E1D953-272A-45AF-AC90-0D6F496B0277}.Debug|x64.ActiveCfg = Debug|iPhone
		{A6E1D953-272A-45AF-AC90-0D6F496B0277}.Debug|x86.ActiveCfg = Debug|iPhone
		{A6E1D953-272A-45AF-AC90-0D6F496B0277}.Release|Any CPU.ActiveCfg = Release|iPhone
		{A6E1D953-272A-45AF-AC90-0D6F496B0277}.Release|ARM.ActiveCfg = Release|iPhone
		{A6E1D953-272A-45AF-AC90-0D6F496B0277}.Release|iPhone.ActiveCfg = Release|iPhone
		{A6E1D953-272A-45AF-AC90-0D6F496B0277}.Release|iPhone.Build.0 = Release|iPhone
		{A6E1D953-272A-45AF-AC90-0D6F496B0277}.Release|iPhoneSimulator.ActiveCfg = Release|iPhoneSimulator
		{A6E1D953-272A-45AF-AC90-0D6F496B0277}.Release|iPhoneSimulator.Build.0 = Release|iPhoneSimulator
		{A6E1D953-272A-45AF-AC90-0D6F496B0277}.Release|x64.ActiveCfg = Release|iPhone
		{A6E1D953-272A-45AF-AC90-0D6F496B0277}.Release|x86.ActiveCfg = Release|iPhone
	EndGlobalSection
	GlobalSection(SolutionProperties) = preSolution
		HideSolutionNode = FALSE
	EndGlobalSection
	GlobalSection(NestedProjects) = preSolution
		{B44801D8-5451-474C-8625-42F094A409D3} = {28E70117-8B67-4CD5-9525-37C5B636A634}
		{8720EB6A-07D2-4BC3-84A6-DBE1E708B6F5} = {28E70117-8B67-4CD5-9525-37C5B636A634}
		{7329F53D-E37E-4F20-B2C8-73C4B409AF15} = {28E70117-8B67-4CD5-9525-37C5B636A634}
		{55415C33-8EF1-404E-B034-68844C34870D} = {44BE7FD0-18B2-4653-82D7-A35C1B6C2E7B}
		{7748C5C6-A656-4DDC-8308-9B5A4B816058} = {44BE7FD0-18B2-4653-82D7-A35C1B6C2E7B}
		{8E0E672A-87A2-4800-8C86-64C73EC867E3} = {44BE7FD0-18B2-4653-82D7-A35C1B6C2E7B}
		{3315E406-CD28-4E9C-A967-56375CDAA8D8} = {7DBA8672-9245-48A7-98A4-EE934C347762}
		{402074FF-0376-469C-B1BB-DEA1B84EF21A} = {7DBA8672-9245-48A7-98A4-EE934C347762}
		{DB40B48F-A636-4272-AF42-7EF9C0F58AC1} = {7DBA8672-9245-48A7-98A4-EE934C347762}
		{DCC083A7-A004-478C-A296-BEF6952148A0} = {27EA04AB-9F12-456D-AC98-B7A95C5E0B31}
		{992601EB-4072-4543-8E71-0318F4708618} = {27EA04AB-9F12-456D-AC98-B7A95C5E0B31}
		{94879279-7C69-4FD8-9E80-16C4DB1226B5} = {27EA04AB-9F12-456D-AC98-B7A95C5E0B31}
		{A6E1D953-272A-45AF-AC90-0D6F496B0277} = {27EA04AB-9F12-456D-AC98-B7A95C5E0B31}
	EndGlobalSection
EndGlobal
